
Microsoft Visual Studio Solution File, Format Version 12.00
# Visual Studio 15
VisualStudioVersion = 15.0.27130.2010
MinimumVisualStudioVersion = 10.0.40219.1
Project("{8BC9CEB8-8B4A-11D0-8D11-00A0C91BC942}") = "pat", "pat\pat.vcxproj", "{6EDB6D98-20AD-48B8-AD96-208D11BAFB17}"
EndProject
Project("{8BC9CEB8-8B4A-11D0-8D11-00A0C91BC942}") = "b1001", "Project1\Project1.vcxproj", "{0E822B1B-2AF4-4FFD-BA05-88C1EF8C2776}"
EndProject
Project("{8BC9CEB8-8B4A-11D0-8D11-00A0C91BC942}") = "b1011", "b1011\b1011.vcxproj", "{BC92A79F-10DF-4720-8698-6C15651E6388}"
EndProject
Project("{8BC9CEB8-8B4A-11D0-8D11-00A0C91BC942}") = "b1016", "b1016\b1016.vcxproj", "{AA22CBA6-AE87-4734-B1A9-E153988DAB82}"
EndProject
Project("{8BC9CEB8-8B4A-11D0-8D11-00A0C91BC942}") = "b1026", "b1026\b1026.vcxproj", "{70E3DD47-3AE3-4ACA-B755-083E74FDBBF8}"
EndProject
Project("{8BC9CEB8-8B4A-11D0-8D11-00A0C91BC942}") = "b1046", "b1046\b1046.vcxproj", "{5D3C2D92-7E8A-4607-BD71-C02A6B5B2E94}"
EndProject
Project("{8BC9CEB8-8B4A-11D0-8D11-00A0C91BC942}") = "b1008", "b1008\b1008.vcxproj", "{AF06AABD-BAA4-4564-B9D3-20138C96DDA6}"
EndProject
Project("{8BC9CEB8-8B4A-11D0-8D11-00A0C91BC942}") = "b1012", "b1012\b1012.vcxproj", "{A67649D6-78FE-43BE-B272-191BF0E28D90}"
EndProject
Project("{8BC9CEB8-8B4A-11D0-8D11-00A0C91BC942}") = "b1018", "b1018\b1018.vcxproj", "{73A4271E-17E5-459D-AD46-7D2699902806}"
EndProject
Project("{8BC9CEB8-8B4A-11D0-8D11-00A0C91BC942}") = "a1042", "a1042\a1042.vcxproj", "{7D87D46A-8318-4BFC-A855-AAD9A5421FA0}"
EndProject
Project("{8BC9CEB8-8B4A-11D0-8D11-00A0C91BC942}") = "a1046", "a1046\a1046.vcxproj", "{EC08185C-3A98-4483-AF1C-0270D6F3D27F}"
EndProject
Project("{8BC9CEB8-8B4A-11D0-8D11-00A0C91BC942}") = "a1065", "a1065\a1065.vcxproj", "{FBBF7CAA-D60B-49BA-96E7-42590A941885}"
EndProject
Project("{8BC9CEB8-8B4A-11D0-8D11-00A0C91BC942}") = "b1010", "b1010\b1010.vcxproj", "{C3F8BF8E-F41F-4646-A6C5-44328BB150B8}"
EndProject
Project("{8BC9CEB8-8B4A-11D0-8D11-00A0C91BC942}") = "a1002", "a1002\a1002.vcxproj", "{0E93C204-0BB9-42DB-8830-286A14C0DE7F}"
EndProject
Project("{8BC9CEB8-8B4A-11D0-8D11-00A0C91BC942}") = "a1009", "a1009\a1009.vcxproj", "{51267BF8-1A1B-48A0-8B6B-04688EC0A9AF}"
EndProject
Project("{8BC9CEB8-8B4A-11D0-8D11-00A0C91BC942}") = "b1041", "b1041\b1041.vcxproj", "{65E2E241-6210-4700-96D6-66606A6564C1}"
EndProject
Project("{8BC9CEB8-8B4A-11D0-8D11-00A0C91BC942}") = "b1004", "b1004\b1004.vcxproj", "{B964F4B3-45C2-4222-943D-A8E53021BB2C}"
EndProject
Project("{8BC9CEB8-8B4A-11D0-8D11-00A0C91BC942}") = "b1028", "b1028\b1028.vcxproj", "{962B401C-851F-451E-A4EA-759D31A640D6}"
EndProject
Project("{8BC9CEB8-8B4A-11D0-8D11-00A0C91BC942}") = "b1032", "b1032\b1032.vcxproj", "{011E10AB-F559-4129-86C2-FF74E030DF05}"
EndProject
Project("{8BC9CEB8-8B4A-11D0-8D11-00A0C91BC942}") = "a1011", "a1011\a1011.vcxproj", "{7572BA9B-3420-4DC3-9869-8F5309F82F65}"
EndProject
Project("{8BC9CEB8-8B4A-11D0-8D11-00A0C91BC942}") = "a1006", "a1006\a1006.vcxproj", "{4A9BCEF6-CCE4-4D80-B5D5-543603F0DC23}"
EndProject
Project("{8BC9CEB8-8B4A-11D0-8D11-00A0C91BC942}") = "a1036", "a1036\a1036.vcxproj", "{404F04CF-A897-4CE1-AA4D-51B7E9AC6CBE}"
EndProject
Project("{8BC9CEB8-8B4A-11D0-8D11-00A0C91BC942}") = "b1036", "b1036\b1036.vcxproj", "{24B94320-BE01-4AF8-848A-C93D0D583F08}"
EndProject
Project("{8BC9CEB8-8B4A-11D0-8D11-00A0C91BC942}") = "a1031", "a1031\a1031.vcxproj", "{C1723340-783A-48BD-8AF2-85ABF573D649}"
EndProject
Project("{8BC9CEB8-8B4A-11D0-8D11-00A0C91BC942}") = "b1022", "b1022\b1022.vcxproj", "{5F7241D3-BCAA-4FC9-9521-EC39C980BA87}"
EndProject
Project("{8BC9CEB8-8B4A-11D0-8D11-00A0C91BC942}") = "b1037", "b1037\b1037.vcxproj", "{EDF7A88C-9D49-4545-8000-FDC70CEF63E5}"
EndProject
Project("{8BC9CEB8-8B4A-11D0-8D11-00A0C91BC942}") = "a1019", "a1019\a1019.vcxproj", "{8FB2495B-E9FC-4292-91EC-2FCAA064AC4F}"
EndProject
Project("{8BC9CEB8-8B4A-11D0-8D11-00A0C91BC942}") = "a1027", "a1027\a1027.vcxproj", "{5E82D8C9-DABA-4C10-B419-B62979E78221}"
EndProject
Project("{8BC9CEB8-8B4A-11D0-8D11-00A0C91BC942}") = "a1058", "a1058\a1058.vcxproj", "{26EED2AD-2571-4A98-9300-52C036D05A0D}"
EndProject
Project("{8BC9CEB8-8B4A-11D0-8D11-00A0C91BC942}") = "b1006", "b1006\b1006.vcxproj", "{9D6C0B74-E62F-4930-B265-E0942A0998F0}"
EndProject
Project("{2150E333-8FDC-42A3-9474-1A3956D46DE8}") = "A", "A", "{3AE808BB-8AD2-47DC-B70C-E7C3624D9C91}"
EndProject
Project("{2150E333-8FDC-42A3-9474-1A3956D46DE8}") = "B", "B", "{8FC5BFAC-15E8-471D-A4E7-43FD61BFDD43}"
EndProject
Project("{8BC9CEB8-8B4A-11D0-8D11-00A0C91BC942}") = "b1019", "b1019\b1019.vcxproj", "{3689236B-4081-4050-A887-F1FDBC4A005B}"
EndProject
Project("{8BC9CEB8-8B4A-11D0-8D11-00A0C91BC942}") = "b1021", "b1021\b1021.vcxproj", "{F4EDB9E5-4502-4F29-BF7C-07787D95EDA9}"
EndProject
Project("{8BC9CEB8-8B4A-11D0-8D11-00A0C91BC942}") = "b1031", "b1031\b1031.vcxproj", "{C72DDF9B-DDCE-4B96-9A5A-FAB51204CD4E}"
EndProject
Project("{8BC9CEB8-8B4A-11D0-8D11-00A0C91BC942}") = "b1002", "b1002\b1002.vcxproj", "{FB3C6517-BE9C-4B03-A07D-F2B00E0627EF}"
EndProject
Project("{8BC9CEB8-8B4A-11D0-8D11-00A0C91BC942}") = "b1009", "b1009\b1009.vcxproj", "{8FB8E9A7-2D70-4A14-BE88-836E3A68B21E}"
EndProject
Project("{8BC9CEB8-8B4A-11D0-8D11-00A0C91BC942}") = "b1014_a1061", "b1014_a1061\b1014_a1061.vcxproj", "{057F5D45-7CFB-41F6-A046-FACB400CD5C4}"
EndProject
Project("{8BC9CEB8-8B4A-11D0-8D11-00A0C91BC942}") = "b1024_a1073", "b1024_a1073\b1024_a1073.vcxproj", "{FB9694F3-08A4-4818-9B8C-BC1833040592}"
EndProject
Project("{8BC9CEB8-8B4A-11D0-8D11-00A0C91BC942}") = "b1048", "b1048\b1048.vcxproj", "{27BBEF13-EE49-4AD9-A5CC-FA106F51A0B5}"
EndProject
Project("{8BC9CEB8-8B4A-11D0-8D11-00A0C91BC942}") = "a1001", "a1001\a1001.vcxproj", "{FFEF162A-AE47-4736-9FA0-BFCF427DFD59}"
EndProject
Project("{8BC9CEB8-8B4A-11D0-8D11-00A0C91BC942}") = "a1005", "a1005\a1005.vcxproj", "{168C20C0-90A7-437A-BF83-5F34D7FFABE5}"
EndProject
Project("{8BC9CEB8-8B4A-11D0-8D11-00A0C91BC942}") = "a1035", "a1035\a1035.vcxproj", "{27AF3A9F-1814-4449-B47B-F584FC30DB5E}"
EndProject
Project("{8BC9CEB8-8B4A-11D0-8D11-00A0C91BC942}") = "b1015_a1062", "b1015_a1062\b1015_a1062.vcxproj", "{2084068E-C084-4707-BB6D-BF87FBCDC17C}"
EndProject
Project("{8BC9CEB8-8B4A-11D0-8D11-00A0C91BC942}") = "a1012", "a1012\a1012.vcxproj", "{95EC541C-093C-419B-9696-08771F4D0D53}"
EndProject
Project("{8BC9CEB8-8B4A-11D0-8D11-00A0C91BC942}") = "a1016", "a1016\a1016.vcxproj", "{61D324B8-D104-4D35-AC20-FCCA8CA7A295}"
EndProject
Project("{8BC9CEB8-8B4A-11D0-8D11-00A0C91BC942}") = "a1028", "a1028\a1028.vcxproj", "{681D342E-6323-4052-915D-7B40F3F91160}"
EndProject
Project("{8BC9CEB8-8B4A-11D0-8D11-00A0C91BC942}") = "b1028_a1084", "b1028_a1084\b1028_a1084.vcxproj", "{5D43F77A-2886-42DE-928F-E9F504DCF366}"
EndProject
Project("{8BC9CEB8-8B4A-11D0-8D11-00A0C91BC942}") = "b1033", "b1033\b1033.vcxproj", "{14139E3D-0A12-4123-A8CB-8F9EEA709B62}"
EndProject
Project("{8BC9CEB8-8B4A-11D0-8D11-00A0C91BC942}") = "b1039_a1092", "b1039_a1092\b1039_a1092.vcxproj", "{CB9C2D81-6544-47ED-896E-C631EA33A28F}"
EndProject
Project("{8BC9CEB8-8B4A-11D0-8D11-00A0C91BC942}") = "b1042", "b1042\b1042.vcxproj", "{6DB8EADD-C0D5-4043-B762-E7E766AF5C2E}"
EndProject
Project("{8BC9CEB8-8B4A-11D0-8D11-00A0C91BC942}") = "b1043", "b1043\b1043.vcxproj", "{F4F16BFA-9289-47CA-A701-DCE4FD1A8E98}"
EndProject
Project("{8BC9CEB8-8B4A-11D0-8D11-00A0C91BC942}") = "b1047", "b1047\b1047.vcxproj", "{64547B2A-3638-44CF-84AD-EF90D4DA40DD}"
EndProject
Project("{8BC9CEB8-8B4A-11D0-8D11-00A0C91BC942}") = "a1041", "a1041\a1041.vcxproj", "{95D9F288-C801-420C-AD57-6268D31A2E01}"
EndProject
Project("{8BC9CEB8-8B4A-11D0-8D11-00A0C91BC942}") = "a1050", "a1050\a1050.vcxproj", "{B14F6B3A-7A57-402A-BFCF-20F76BD702F1}"
EndProject
Project("{8BC9CEB8-8B4A-11D0-8D11-00A0C91BC942}") = "b1023", "b1023\b1023.vcxproj", "{77F3F8C8-F23C-455D-9103-7855C16C3339}"
EndProject
Project("{8BC9CEB8-8B4A-11D0-8D11-00A0C91BC942}") = "A1070_b1020", "A1070_b1020\A1070_b1020.vcxproj", "{E1DE0E0E-11E6-49D3-B3FD-C7CA9F59B8A4}"
EndProject
Project("{8BC9CEB8-8B4A-11D0-8D11-00A0C91BC942}") = "a1033", "a1033\a1033.vcxproj", "{2F5222D2-86F8-4E33-BCE9-AFA644F20DDB}"
EndProject
Project("{8BC9CEB8-8B4A-11D0-8D11-00A0C91BC942}") = "a1037", "a1037\a1037.vcxproj", "{C33290D8-6B8C-4225-BE18-8CC286534D78}"
EndProject
Project("{8BC9CEB8-8B4A-11D0-8D11-00A0C91BC942}") = "a1067", "a1067\a1067.vcxproj", "{0FF3439A-AB62-4269-B46B-B8825E5EA441}"
EndProject
Project("{8BC9CEB8-8B4A-11D0-8D11-00A0C91BC942}") = "a1038", "a1038\a1038.vcxproj", "{150FDEF8-59B8-498D-B291-BDFD24249BC7}"
EndProject
Project("{8BC9CEB8-8B4A-11D0-8D11-00A0C91BC942}") = "b1030_a1085", "b1030_a1085\b1030_a1085.vcxproj", "{A05134E6-A484-4626-9941-51EFDCBE56F2}"
EndProject
Project("{8BC9CEB8-8B4A-11D0-8D11-00A0C91BC942}") = "a1010", "a1010\a1010.vcxproj", "{75E695D3-71BD-46DC-B0D9-5D627C9CDBC3}"
EndProject
Project("{8BC9CEB8-8B4A-11D0-8D11-00A0C91BC942}") = "b1035_a1089", "b1035_a1089\b1035_a1089.vcxproj", "{BD8ECF7A-D833-476F-897B-680268F5F883}"
EndProject
Project("{8BC9CEB8-8B4A-11D0-8D11-00A0C91BC942}") = "a1039", "a1039\a1039.vcxproj", "{0E91006D-E2E5-4DD7-8EAD-45652D42C866}"
EndProject
Project("{8BC9CEB8-8B4A-11D0-8D11-00A0C91BC942}") = "b1045_a1101", "b1045_a1101\b1045_a1101.vcxproj", "{5EFC0F5C-19D3-472E-A1A5-AE6A73FA9CAD}"
EndProject
Project("{8BC9CEB8-8B4A-11D0-8D11-00A0C91BC942}") = "a1047", "a1047\a1047.vcxproj", "{87DB2A9F-2D18-4A64-B2CA-95FB6B2C6F0C}"
EndProject
Project("{8BC9CEB8-8B4A-11D0-8D11-00A0C91BC942}") = "a1063", "a1063\a1063.vcxproj", "{16E0E9CC-F04B-4825-AD78-B886E6AF506A}"
EndProject
Project("{8BC9CEB8-8B4A-11D0-8D11-00A0C91BC942}") = "a1060", "a1060\a1060.vcxproj", "{C7F19A2E-A2B1-4DD6-8D01-778F948CC455}"
EndProject
Project("{8BC9CEB8-8B4A-11D0-8D11-00A0C91BC942}") = "b1044_a1100", "b1044_a1100\b1044_a1100.vcxproj", "{C8606673-AB11-4309-AD2B-70C28FBC0948}"
EndProject
Project("{8BC9CEB8-8B4A-11D0-8D11-00A0C91BC942}") = "a1054", "a1054\a1054.vcxproj", "{3E5EBF55-796B-4CC4-9241-F4ABBD9CA35B}"
EndProject
Project("{8BC9CEB8-8B4A-11D0-8D11-00A0C91BC942}") = "a1071", "a1071\a1071.vcxproj", "{7C930837-4907-40F4-94AC-975C49900A4F}"
EndProject
Project("{8BC9CEB8-8B4A-11D0-8D11-00A0C91BC942}") = "a1022", "a1022\a1022.vcxproj", "{D22B7C06-BEC7-4738-A38D-A0B1476359AF}"
EndProject
Project("{8BC9CEB8-8B4A-11D0-8D11-00A0C91BC942}") = "a1051", "a1051\a1051.vcxproj", "{A3DAF32F-9108-4E31-B63E-96FC80135223}"
EndProject
Project("{8BC9CEB8-8B4A-11D0-8D11-00A0C91BC942}") = "a1056", "a1056\a1056.vcxproj", "{7A3B7C4A-3780-4B95-A65B-556BBD2832B9}"
EndProject
Project("{8BC9CEB8-8B4A-11D0-8D11-00A0C91BC942}") = "a1074_b1025", "a1074_b1025\a1074_b1025.vcxproj", "{6325CE79-F7BA-456F-9B2B-E261C4C64C0A}"
EndProject
Project("{8BC9CEB8-8B4A-11D0-8D11-00A0C91BC942}") = "a1032", "a1032\a1032.vcxproj", "{B300FCD0-9E0E-4683-B767-75EC292A2E7D}"
EndProject
Project("{8BC9CEB8-8B4A-11D0-8D11-00A0C91BC942}") = "a1052", "a1052\a1052.vcxproj", "{5A4BE5C4-6562-4888-A643-93F8C9F1A4BF}"
EndProject
Project("{8BC9CEB8-8B4A-11D0-8D11-00A0C91BC942}") = "a1097", "a1097\a1097.vcxproj", "{49FCA16A-7A9C-414E-A546-CCF317EC3C8E}"
EndProject
Project("{8BC9CEB8-8B4A-11D0-8D11-00A0C91BC942}") = "a1103", "a1103\a1103.vcxproj", "{598E8C24-E21E-4536-A777-FC848175219D}"
EndProject
Project("{8BC9CEB8-8B4A-11D0-8D11-00A0C91BC942}") = "a1091", "a1091\a1091.vcxproj", "{D0C71F58-4047-458D-AECA-C25D15C17D40}"
EndProject
Project("{8BC9CEB8-8B4A-11D0-8D11-00A0C91BC942}") = "a1020", "a1020\a1020.vcxproj", "{2EF4E725-6B8A-40D3-B901-46B37153255C}"
EndProject
Project("{8BC9CEB8-8B4A-11D0-8D11-00A0C91BC942}") = "a1086", "a1086\a1086.vcxproj", "{674ADC67-3838-4DAD-9FC2-2A00BCE2A6E3}"
EndProject
Project("{8BC9CEB8-8B4A-11D0-8D11-00A0C91BC942}") = "a1102", "a1102\a1102.vcxproj", "{B6CADF86-C14A-4384-A72C-071F722464CA}"
EndProject
Project("{8BC9CEB8-8B4A-11D0-8D11-00A0C91BC942}") = "a1004", "a1004\a1004.vcxproj", "{617D883C-349F-4D6F-BCF7-88EBFEFC770A}"
EndProject
Project("{8BC9CEB8-8B4A-11D0-8D11-00A0C91BC942}") = "a1064", "a1064\a1064.vcxproj", "{4CE0FDEA-2E2A-4DFE-AA33-FA6856FED76E}"
EndProject
Project("{8BC9CEB8-8B4A-11D0-8D11-00A0C91BC942}") = "a1066", "a1066\a1066.vcxproj", "{8559D05B-A66C-4FEE-B6E3-0FEB0FFB0701}"
EndProject
Project("{8BC9CEB8-8B4A-11D0-8D11-00A0C91BC942}") = "a1107", "a1107\a1107.vcxproj", "{AE1A5790-C49E-49C3-A57B-D2AC098FB4E9}"
EndProject
Project("{8BC9CEB8-8B4A-11D0-8D11-00A0C91BC942}") = "a1098", "a1098\a1098.vcxproj", "{F7A95989-ECBA-4DEE-91AC-3EB3BA4C7638}"
EndProject
Project("{8BC9CEB8-8B4A-11D0-8D11-00A0C91BC942}") = "test1", "test1\test1.vcxproj", "{A890D9B4-BD53-4DD0-B746-1BD24EDFFEBA}"
EndProject
Project("{8BC9CEB8-8B4A-11D0-8D11-00A0C91BC942}") = "test2", "test2\test2.vcxproj", "{3DD5E009-E04D-492A-BD85-7219F3C9744D}"
EndProject
Project("{8BC9CEB8-8B4A-11D0-8D11-00A0C91BC942}") = "pat0318_2", "pat0318_2\pat0318_2.vcxproj", "{1359C855-7360-4931-9710-3B5502E6E726}"
EndProject
Project("{8BC9CEB8-8B4A-11D0-8D11-00A0C91BC942}") = "a1099", "a1099\a1099.vcxproj", "{FFBBCDD8-C187-42DB-8BF8-47434F061C72}"
EndProject
Project("{8BC9CEB8-8B4A-11D0-8D11-00A0C91BC942}") = "a1043", "a1043\a1043.vcxproj", "{E1FAF9C0-DE86-4142-8D7C-69A6C5079D19}"
EndProject
Project("{8BC9CEB8-8B4A-11D0-8D11-00A0C91BC942}") = "fun", "fun\fun.vcxproj", "{1C5A7B69-0868-4607-B66E-639EC8C77C58}"
EndProject
Project("{8BC9CEB8-8B4A-11D0-8D11-00A0C91BC942}") = "graduation", "graduation\graduation.vcxproj", "{98F6BE43-471F-4167-AF5A-3A40421E3CB1}"
EndProject
Project("{8BC9CEB8-8B4A-11D0-8D11-00A0C91BC942}") = "graduation2", "graduation2\graduation2.vcxproj", "{2E192C8C-7AAD-4EE9-A211-DE84E5AA0C87}"
EndProject
Project("{8BC9CEB8-8B4A-11D0-8D11-00A0C91BC942}") = "testing", "testing\testing.vcxproj", "{5872FF1C-61E4-450B-926C-878026F409F0}"
EndProject
Global
	GlobalSection(SolutionConfigurationPlatforms) = preSolution
		Debug|x64 = Debug|x64
		Debug|x86 = Debug|x86
		Release|x64 = Release|x64
		Release|x86 = Release|x86
	EndGlobalSection
	GlobalSection(ProjectConfigurationPlatforms) = postSolution
		{6EDB6D98-20AD-48B8-AD96-208D11BAFB17}.Debug|x64.ActiveCfg = Debug|x64
		{6EDB6D98-20AD-48B8-AD96-208D11BAFB17}.Debug|x64.Build.0 = Debug|x64
		{6EDB6D98-20AD-48B8-AD96-208D11BAFB17}.Debug|x86.ActiveCfg = Debug|Win32
		{6EDB6D98-20AD-48B8-AD96-208D11BAFB17}.Debug|x86.Build.0 = Debug|Win32
		{6EDB6D98-20AD-48B8-AD96-208D11BAFB17}.Release|x64.ActiveCfg = Release|x64
		{6EDB6D98-20AD-48B8-AD96-208D11BAFB17}.Release|x64.Build.0 = Release|x64
		{6EDB6D98-20AD-48B8-AD96-208D11BAFB17}.Release|x86.ActiveCfg = Release|Win32
		{6EDB6D98-20AD-48B8-AD96-208D11BAFB17}.Release|x86.Build.0 = Release|Win32
		{0E822B1B-2AF4-4FFD-BA05-88C1EF8C2776}.Debug|x64.ActiveCfg = Debug|x64
		{0E822B1B-2AF4-4FFD-BA05-88C1EF8C2776}.Debug|x64.Build.0 = Debug|x64
		{0E822B1B-2AF4-4FFD-BA05-88C1EF8C2776}.Debug|x86.ActiveCfg = Debug|Win32
		{0E822B1B-2AF4-4FFD-BA05-88C1EF8C2776}.Debug|x86.Build.0 = Debug|Win32
		{0E822B1B-2AF4-4FFD-BA05-88C1EF8C2776}.Release|x64.ActiveCfg = Release|x64
		{0E822B1B-2AF4-4FFD-BA05-88C1EF8C2776}.Release|x64.Build.0 = Release|x64
		{0E822B1B-2AF4-4FFD-BA05-88C1EF8C2776}.Release|x86.ActiveCfg = Release|Win32
		{0E822B1B-2AF4-4FFD-BA05-88C1EF8C2776}.Release|x86.Build.0 = Release|Win32
		{BC92A79F-10DF-4720-8698-6C15651E6388}.Debug|x64.ActiveCfg = Debug|x64
		{BC92A79F-10DF-4720-8698-6C15651E6388}.Debug|x64.Build.0 = Debug|x64
		{BC92A79F-10DF-4720-8698-6C15651E6388}.Debug|x86.ActiveCfg = Debug|Win32
		{BC92A79F-10DF-4720-8698-6C15651E6388}.Debug|x86.Build.0 = Debug|Win32
		{BC92A79F-10DF-4720-8698-6C15651E6388}.Release|x64.ActiveCfg = Release|x64
		{BC92A79F-10DF-4720-8698-6C15651E6388}.Release|x64.Build.0 = Release|x64
		{BC92A79F-10DF-4720-8698-6C15651E6388}.Release|x86.ActiveCfg = Release|Win32
		{BC92A79F-10DF-4720-8698-6C15651E6388}.Release|x86.Build.0 = Release|Win32
		{AA22CBA6-AE87-4734-B1A9-E153988DAB82}.Debug|x64.ActiveCfg = Debug|x64
		{AA22CBA6-AE87-4734-B1A9-E153988DAB82}.Debug|x64.Build.0 = Debug|x64
		{AA22CBA6-AE87-4734-B1A9-E153988DAB82}.Debug|x86.ActiveCfg = Debug|Win32
		{AA22CBA6-AE87-4734-B1A9-E153988DAB82}.Debug|x86.Build.0 = Debug|Win32
		{AA22CBA6-AE87-4734-B1A9-E153988DAB82}.Release|x64.ActiveCfg = Release|x64
		{AA22CBA6-AE87-4734-B1A9-E153988DAB82}.Release|x64.Build.0 = Release|x64
		{AA22CBA6-AE87-4734-B1A9-E153988DAB82}.Release|x86.ActiveCfg = Release|Win32
		{AA22CBA6-AE87-4734-B1A9-E153988DAB82}.Release|x86.Build.0 = Release|Win32
		{70E3DD47-3AE3-4ACA-B755-083E74FDBBF8}.Debug|x64.ActiveCfg = Debug|x64
		{70E3DD47-3AE3-4ACA-B755-083E74FDBBF8}.Debug|x64.Build.0 = Debug|x64
		{70E3DD47-3AE3-4ACA-B755-083E74FDBBF8}.Debug|x86.ActiveCfg = Debug|Win32
		{70E3DD47-3AE3-4ACA-B755-083E74FDBBF8}.Debug|x86.Build.0 = Debug|Win32
		{70E3DD47-3AE3-4ACA-B755-083E74FDBBF8}.Release|x64.ActiveCfg = Release|x64
		{70E3DD47-3AE3-4ACA-B755-083E74FDBBF8}.Release|x64.Build.0 = Release|x64
		{70E3DD47-3AE3-4ACA-B755-083E74FDBBF8}.Release|x86.ActiveCfg = Release|Win32
		{70E3DD47-3AE3-4ACA-B755-083E74FDBBF8}.Release|x86.Build.0 = Release|Win32
		{5D3C2D92-7E8A-4607-BD71-C02A6B5B2E94}.Debug|x64.ActiveCfg = Debug|x64
		{5D3C2D92-7E8A-4607-BD71-C02A6B5B2E94}.Debug|x64.Build.0 = Debug|x64
		{5D3C2D92-7E8A-4607-BD71-C02A6B5B2E94}.Debug|x86.ActiveCfg = Debug|Win32
		{5D3C2D92-7E8A-4607-BD71-C02A6B5B2E94}.Debug|x86.Build.0 = Debug|Win32
		{5D3C2D92-7E8A-4607-BD71-C02A6B5B2E94}.Release|x64.ActiveCfg = Release|x64
		{5D3C2D92-7E8A-4607-BD71-C02A6B5B2E94}.Release|x64.Build.0 = Release|x64
		{5D3C2D92-7E8A-4607-BD71-C02A6B5B2E94}.Release|x86.ActiveCfg = Release|Win32
		{5D3C2D92-7E8A-4607-BD71-C02A6B5B2E94}.Release|x86.Build.0 = Release|Win32
		{AF06AABD-BAA4-4564-B9D3-20138C96DDA6}.Debug|x64.ActiveCfg = Debug|x64
		{AF06AABD-BAA4-4564-B9D3-20138C96DDA6}.Debug|x64.Build.0 = Debug|x64
		{AF06AABD-BAA4-4564-B9D3-20138C96DDA6}.Debug|x86.ActiveCfg = Debug|Win32
		{AF06AABD-BAA4-4564-B9D3-20138C96DDA6}.Debug|x86.Build.0 = Debug|Win32
		{AF06AABD-BAA4-4564-B9D3-20138C96DDA6}.Release|x64.ActiveCfg = Release|x64
		{AF06AABD-BAA4-4564-B9D3-20138C96DDA6}.Release|x64.Build.0 = Release|x64
		{AF06AABD-BAA4-4564-B9D3-20138C96DDA6}.Release|x86.ActiveCfg = Release|Win32
		{AF06AABD-BAA4-4564-B9D3-20138C96DDA6}.Release|x86.Build.0 = Release|Win32
		{A67649D6-78FE-43BE-B272-191BF0E28D90}.Debug|x64.ActiveCfg = Debug|x64
		{A67649D6-78FE-43BE-B272-191BF0E28D90}.Debug|x64.Build.0 = Debug|x64
		{A67649D6-78FE-43BE-B272-191BF0E28D90}.Debug|x86.ActiveCfg = Debug|Win32
		{A67649D6-78FE-43BE-B272-191BF0E28D90}.Debug|x86.Build.0 = Debug|Win32
		{A67649D6-78FE-43BE-B272-191BF0E28D90}.Release|x64.ActiveCfg = Release|x64
		{A67649D6-78FE-43BE-B272-191BF0E28D90}.Release|x64.Build.0 = Release|x64
		{A67649D6-78FE-43BE-B272-191BF0E28D90}.Release|x86.ActiveCfg = Release|Win32
		{A67649D6-78FE-43BE-B272-191BF0E28D90}.Release|x86.Build.0 = Release|Win32
		{73A4271E-17E5-459D-AD46-7D2699902806}.Debug|x64.ActiveCfg = Debug|x64
		{73A4271E-17E5-459D-AD46-7D2699902806}.Debug|x64.Build.0 = Debug|x64
		{73A4271E-17E5-459D-AD46-7D2699902806}.Debug|x86.ActiveCfg = Debug|Win32
		{73A4271E-17E5-459D-AD46-7D2699902806}.Debug|x86.Build.0 = Debug|Win32
		{73A4271E-17E5-459D-AD46-7D2699902806}.Release|x64.ActiveCfg = Release|x64
		{73A4271E-17E5-459D-AD46-7D2699902806}.Release|x64.Build.0 = Release|x64
		{73A4271E-17E5-459D-AD46-7D2699902806}.Release|x86.ActiveCfg = Release|Win32
		{73A4271E-17E5-459D-AD46-7D2699902806}.Release|x86.Build.0 = Release|Win32
		{7D87D46A-8318-4BFC-A855-AAD9A5421FA0}.Debug|x64.ActiveCfg = Debug|x64
		{7D87D46A-8318-4BFC-A855-AAD9A5421FA0}.Debug|x64.Build.0 = Debug|x64
		{7D87D46A-8318-4BFC-A855-AAD9A5421FA0}.Debug|x86.ActiveCfg = Debug|Win32
		{7D87D46A-8318-4BFC-A855-AAD9A5421FA0}.Debug|x86.Build.0 = Debug|Win32
		{7D87D46A-8318-4BFC-A855-AAD9A5421FA0}.Release|x64.ActiveCfg = Release|x64
		{7D87D46A-8318-4BFC-A855-AAD9A5421FA0}.Release|x64.Build.0 = Release|x64
		{7D87D46A-8318-4BFC-A855-AAD9A5421FA0}.Release|x86.ActiveCfg = Release|Win32
		{7D87D46A-8318-4BFC-A855-AAD9A5421FA0}.Release|x86.Build.0 = Release|Win32
		{EC08185C-3A98-4483-AF1C-0270D6F3D27F}.Debug|x64.ActiveCfg = Debug|x64
		{EC08185C-3A98-4483-AF1C-0270D6F3D27F}.Debug|x64.Build.0 = Debug|x64
		{EC08185C-3A98-4483-AF1C-0270D6F3D27F}.Debug|x86.ActiveCfg = Debug|Win32
		{EC08185C-3A98-4483-AF1C-0270D6F3D27F}.Debug|x86.Build.0 = Debug|Win32
		{EC08185C-3A98-4483-AF1C-0270D6F3D27F}.Release|x64.ActiveCfg = Release|x64
		{EC08185C-3A98-4483-AF1C-0270D6F3D27F}.Release|x64.Build.0 = Release|x64
		{EC08185C-3A98-4483-AF1C-0270D6F3D27F}.Release|x86.ActiveCfg = Release|Win32
		{EC08185C-3A98-4483-AF1C-0270D6F3D27F}.Release|x86.Build.0 = Release|Win32
		{FBBF7CAA-D60B-49BA-96E7-42590A941885}.Debug|x64.ActiveCfg = Debug|x64
		{FBBF7CAA-D60B-49BA-96E7-42590A941885}.Debug|x64.Build.0 = Debug|x64
		{FBBF7CAA-D60B-49BA-96E7-42590A941885}.Debug|x86.ActiveCfg = Debug|Win32
		{FBBF7CAA-D60B-49BA-96E7-42590A941885}.Debug|x86.Build.0 = Debug|Win32
		{FBBF7CAA-D60B-49BA-96E7-42590A941885}.Release|x64.ActiveCfg = Release|x64
		{FBBF7CAA-D60B-49BA-96E7-42590A941885}.Release|x64.Build.0 = Release|x64
		{FBBF7CAA-D60B-49BA-96E7-42590A941885}.Release|x86.ActiveCfg = Release|Win32
		{FBBF7CAA-D60B-49BA-96E7-42590A941885}.Release|x86.Build.0 = Release|Win32
		{C3F8BF8E-F41F-4646-A6C5-44328BB150B8}.Debug|x64.ActiveCfg = Debug|x64
		{C3F8BF8E-F41F-4646-A6C5-44328BB150B8}.Debug|x64.Build.0 = Debug|x64
		{C3F8BF8E-F41F-4646-A6C5-44328BB150B8}.Debug|x86.ActiveCfg = Debug|Win32
		{C3F8BF8E-F41F-4646-A6C5-44328BB150B8}.Debug|x86.Build.0 = Debug|Win32
		{C3F8BF8E-F41F-4646-A6C5-44328BB150B8}.Release|x64.ActiveCfg = Release|x64
		{C3F8BF8E-F41F-4646-A6C5-44328BB150B8}.Release|x64.Build.0 = Release|x64
		{C3F8BF8E-F41F-4646-A6C5-44328BB150B8}.Release|x86.ActiveCfg = Release|Win32
		{C3F8BF8E-F41F-4646-A6C5-44328BB150B8}.Release|x86.Build.0 = Release|Win32
		{0E93C204-0BB9-42DB-8830-286A14C0DE7F}.Debug|x64.ActiveCfg = Debug|x64
		{0E93C204-0BB9-42DB-8830-286A14C0DE7F}.Debug|x64.Build.0 = Debug|x64
		{0E93C204-0BB9-42DB-8830-286A14C0DE7F}.Debug|x86.ActiveCfg = Debug|Win32
		{0E93C204-0BB9-42DB-8830-286A14C0DE7F}.Debug|x86.Build.0 = Debug|Win32
		{0E93C204-0BB9-42DB-8830-286A14C0DE7F}.Release|x64.ActiveCfg = Release|x64
		{0E93C204-0BB9-42DB-8830-286A14C0DE7F}.Release|x64.Build.0 = Release|x64
		{0E93C204-0BB9-42DB-8830-286A14C0DE7F}.Release|x86.ActiveCfg = Release|Win32
		{0E93C204-0BB9-42DB-8830-286A14C0DE7F}.Release|x86.Build.0 = Release|Win32
		{51267BF8-1A1B-48A0-8B6B-04688EC0A9AF}.Debug|x64.ActiveCfg = Debug|x64
		{51267BF8-1A1B-48A0-8B6B-04688EC0A9AF}.Debug|x64.Build.0 = Debug|x64
		{51267BF8-1A1B-48A0-8B6B-04688EC0A9AF}.Debug|x86.ActiveCfg = Debug|Win32
		{51267BF8-1A1B-48A0-8B6B-04688EC0A9AF}.Debug|x86.Build.0 = Debug|Win32
		{51267BF8-1A1B-48A0-8B6B-04688EC0A9AF}.Release|x64.ActiveCfg = Release|x64
		{51267BF8-1A1B-48A0-8B6B-04688EC0A9AF}.Release|x64.Build.0 = Release|x64
		{51267BF8-1A1B-48A0-8B6B-04688EC0A9AF}.Release|x86.ActiveCfg = Release|Win32
		{51267BF8-1A1B-48A0-8B6B-04688EC0A9AF}.Release|x86.Build.0 = Release|Win32
		{65E2E241-6210-4700-96D6-66606A6564C1}.Debug|x64.ActiveCfg = Debug|x64
		{65E2E241-6210-4700-96D6-66606A6564C1}.Debug|x64.Build.0 = Debug|x64
		{65E2E241-6210-4700-96D6-66606A6564C1}.Debug|x86.ActiveCfg = Debug|Win32
		{65E2E241-6210-4700-96D6-66606A6564C1}.Debug|x86.Build.0 = Debug|Win32
		{65E2E241-6210-4700-96D6-66606A6564C1}.Release|x64.ActiveCfg = Release|x64
		{65E2E241-6210-4700-96D6-66606A6564C1}.Release|x64.Build.0 = Release|x64
		{65E2E241-6210-4700-96D6-66606A6564C1}.Release|x86.ActiveCfg = Release|Win32
		{65E2E241-6210-4700-96D6-66606A6564C1}.Release|x86.Build.0 = Release|Win32
		{B964F4B3-45C2-4222-943D-A8E53021BB2C}.Debug|x64.ActiveCfg = Debug|x64
		{B964F4B3-45C2-4222-943D-A8E53021BB2C}.Debug|x64.Build.0 = Debug|x64
		{B964F4B3-45C2-4222-943D-A8E53021BB2C}.Debug|x86.ActiveCfg = Debug|Win32
		{B964F4B3-45C2-4222-943D-A8E53021BB2C}.Debug|x86.Build.0 = Debug|Win32
		{B964F4B3-45C2-4222-943D-A8E53021BB2C}.Release|x64.ActiveCfg = Release|x64
		{B964F4B3-45C2-4222-943D-A8E53021BB2C}.Release|x64.Build.0 = Release|x64
		{B964F4B3-45C2-4222-943D-A8E53021BB2C}.Release|x86.ActiveCfg = Release|Win32
		{B964F4B3-45C2-4222-943D-A8E53021BB2C}.Release|x86.Build.0 = Release|Win32
		{962B401C-851F-451E-A4EA-759D31A640D6}.Debug|x64.ActiveCfg = Debug|x64
		{962B401C-851F-451E-A4EA-759D31A640D6}.Debug|x64.Build.0 = Debug|x64
		{962B401C-851F-451E-A4EA-759D31A640D6}.Debug|x86.ActiveCfg = Debug|Win32
		{962B401C-851F-451E-A4EA-759D31A640D6}.Debug|x86.Build.0 = Debug|Win32
		{962B401C-851F-451E-A4EA-759D31A640D6}.Release|x64.ActiveCfg = Release|x64
		{962B401C-851F-451E-A4EA-759D31A640D6}.Release|x64.Build.0 = Release|x64
		{962B401C-851F-451E-A4EA-759D31A640D6}.Release|x86.ActiveCfg = Release|Win32
		{962B401C-851F-451E-A4EA-759D31A640D6}.Release|x86.Build.0 = Release|Win32
		{011E10AB-F559-4129-86C2-FF74E030DF05}.Debug|x64.ActiveCfg = Debug|x64
		{011E10AB-F559-4129-86C2-FF74E030DF05}.Debug|x64.Build.0 = Debug|x64
		{011E10AB-F559-4129-86C2-FF74E030DF05}.Debug|x86.ActiveCfg = Debug|Win32
		{011E10AB-F559-4129-86C2-FF74E030DF05}.Debug|x86.Build.0 = Debug|Win32
		{011E10AB-F559-4129-86C2-FF74E030DF05}.Release|x64.ActiveCfg = Release|x64
		{011E10AB-F559-4129-86C2-FF74E030DF05}.Release|x64.Build.0 = Release|x64
		{011E10AB-F559-4129-86C2-FF74E030DF05}.Release|x86.ActiveCfg = Release|Win32
		{011E10AB-F559-4129-86C2-FF74E030DF05}.Release|x86.Build.0 = Release|Win32
		{7572BA9B-3420-4DC3-9869-8F5309F82F65}.Debug|x64.ActiveCfg = Debug|x64
		{7572BA9B-3420-4DC3-9869-8F5309F82F65}.Debug|x64.Build.0 = Debug|x64
		{7572BA9B-3420-4DC3-9869-8F5309F82F65}.Debug|x86.ActiveCfg = Debug|Win32
		{7572BA9B-3420-4DC3-9869-8F5309F82F65}.Debug|x86.Build.0 = Debug|Win32
		{7572BA9B-3420-4DC3-9869-8F5309F82F65}.Release|x64.ActiveCfg = Release|x64
		{7572BA9B-3420-4DC3-9869-8F5309F82F65}.Release|x64.Build.0 = Release|x64
		{7572BA9B-3420-4DC3-9869-8F5309F82F65}.Release|x86.ActiveCfg = Release|Win32
		{7572BA9B-3420-4DC3-9869-8F5309F82F65}.Release|x86.Build.0 = Release|Win32
		{4A9BCEF6-CCE4-4D80-B5D5-543603F0DC23}.Debug|x64.ActiveCfg = Debug|x64
		{4A9BCEF6-CCE4-4D80-B5D5-543603F0DC23}.Debug|x64.Build.0 = Debug|x64
		{4A9BCEF6-CCE4-4D80-B5D5-543603F0DC23}.Debug|x86.ActiveCfg = Debug|Win32
		{4A9BCEF6-CCE4-4D80-B5D5-543603F0DC23}.Debug|x86.Build.0 = Debug|Win32
		{4A9BCEF6-CCE4-4D80-B5D5-543603F0DC23}.Release|x64.ActiveCfg = Release|x64
		{4A9BCEF6-CCE4-4D80-B5D5-543603F0DC23}.Release|x64.Build.0 = Release|x64
		{4A9BCEF6-CCE4-4D80-B5D5-543603F0DC23}.Release|x86.ActiveCfg = Release|Win32
		{4A9BCEF6-CCE4-4D80-B5D5-543603F0DC23}.Release|x86.Build.0 = Release|Win32
		{404F04CF-A897-4CE1-AA4D-51B7E9AC6CBE}.Debug|x64.ActiveCfg = Debug|x64
		{404F04CF-A897-4CE1-AA4D-51B7E9AC6CBE}.Debug|x64.Build.0 = Debug|x64
		{404F04CF-A897-4CE1-AA4D-51B7E9AC6CBE}.Debug|x86.ActiveCfg = Debug|Win32
		{404F04CF-A897-4CE1-AA4D-51B7E9AC6CBE}.Debug|x86.Build.0 = Debug|Win32
		{404F04CF-A897-4CE1-AA4D-51B7E9AC6CBE}.Release|x64.ActiveCfg = Release|x64
		{404F04CF-A897-4CE1-AA4D-51B7E9AC6CBE}.Release|x64.Build.0 = Release|x64
		{404F04CF-A897-4CE1-AA4D-51B7E9AC6CBE}.Release|x86.ActiveCfg = Release|Win32
		{404F04CF-A897-4CE1-AA4D-51B7E9AC6CBE}.Release|x86.Build.0 = Release|Win32
		{24B94320-BE01-4AF8-848A-C93D0D583F08}.Debug|x64.ActiveCfg = Debug|x64
		{24B94320-BE01-4AF8-848A-C93D0D583F08}.Debug|x64.Build.0 = Debug|x64
		{24B94320-BE01-4AF8-848A-C93D0D583F08}.Debug|x86.ActiveCfg = Debug|Win32
		{24B94320-BE01-4AF8-848A-C93D0D583F08}.Debug|x86.Build.0 = Debug|Win32
		{24B94320-BE01-4AF8-848A-C93D0D583F08}.Release|x64.ActiveCfg = Release|x64
		{24B94320-BE01-4AF8-848A-C93D0D583F08}.Release|x64.Build.0 = Release|x64
		{24B94320-BE01-4AF8-848A-C93D0D583F08}.Release|x86.ActiveCfg = Release|Win32
		{24B94320-BE01-4AF8-848A-C93D0D583F08}.Release|x86.Build.0 = Release|Win32
		{C1723340-783A-48BD-8AF2-85ABF573D649}.Debug|x64.ActiveCfg = Debug|x64
		{C1723340-783A-48BD-8AF2-85ABF573D649}.Debug|x64.Build.0 = Debug|x64
		{C1723340-783A-48BD-8AF2-85ABF573D649}.Debug|x86.ActiveCfg = Debug|Win32
		{C1723340-783A-48BD-8AF2-85ABF573D649}.Debug|x86.Build.0 = Debug|Win32
		{C1723340-783A-48BD-8AF2-85ABF573D649}.Release|x64.ActiveCfg = Release|x64
		{C1723340-783A-48BD-8AF2-85ABF573D649}.Release|x64.Build.0 = Release|x64
		{C1723340-783A-48BD-8AF2-85ABF573D649}.Release|x86.ActiveCfg = Release|Win32
		{C1723340-783A-48BD-8AF2-85ABF573D649}.Release|x86.Build.0 = Release|Win32
		{5F7241D3-BCAA-4FC9-9521-EC39C980BA87}.Debug|x64.ActiveCfg = Debug|x64
		{5F7241D3-BCAA-4FC9-9521-EC39C980BA87}.Debug|x64.Build.0 = Debug|x64
		{5F7241D3-BCAA-4FC9-9521-EC39C980BA87}.Debug|x86.ActiveCfg = Debug|Win32
		{5F7241D3-BCAA-4FC9-9521-EC39C980BA87}.Debug|x86.Build.0 = Debug|Win32
		{5F7241D3-BCAA-4FC9-9521-EC39C980BA87}.Release|x64.ActiveCfg = Release|x64
		{5F7241D3-BCAA-4FC9-9521-EC39C980BA87}.Release|x64.Build.0 = Release|x64
		{5F7241D3-BCAA-4FC9-9521-EC39C980BA87}.Release|x86.ActiveCfg = Release|Win32
		{5F7241D3-BCAA-4FC9-9521-EC39C980BA87}.Release|x86.Build.0 = Release|Win32
		{EDF7A88C-9D49-4545-8000-FDC70CEF63E5}.Debug|x64.ActiveCfg = Debug|x64
		{EDF7A88C-9D49-4545-8000-FDC70CEF63E5}.Debug|x64.Build.0 = Debug|x64
		{EDF7A88C-9D49-4545-8000-FDC70CEF63E5}.Debug|x86.ActiveCfg = Debug|Win32
		{EDF7A88C-9D49-4545-8000-FDC70CEF63E5}.Debug|x86.Build.0 = Debug|Win32
		{EDF7A88C-9D49-4545-8000-FDC70CEF63E5}.Release|x64.ActiveCfg = Release|x64
		{EDF7A88C-9D49-4545-8000-FDC70CEF63E5}.Release|x64.Build.0 = Release|x64
		{EDF7A88C-9D49-4545-8000-FDC70CEF63E5}.Release|x86.ActiveCfg = Release|Win32
		{EDF7A88C-9D49-4545-8000-FDC70CEF63E5}.Release|x86.Build.0 = Release|Win32
		{8FB2495B-E9FC-4292-91EC-2FCAA064AC4F}.Debug|x64.ActiveCfg = Debug|x64
		{8FB2495B-E9FC-4292-91EC-2FCAA064AC4F}.Debug|x64.Build.0 = Debug|x64
		{8FB2495B-E9FC-4292-91EC-2FCAA064AC4F}.Debug|x86.ActiveCfg = Debug|Win32
		{8FB2495B-E9FC-4292-91EC-2FCAA064AC4F}.Debug|x86.Build.0 = Debug|Win32
		{8FB2495B-E9FC-4292-91EC-2FCAA064AC4F}.Release|x64.ActiveCfg = Release|x64
		{8FB2495B-E9FC-4292-91EC-2FCAA064AC4F}.Release|x64.Build.0 = Release|x64
		{8FB2495B-E9FC-4292-91EC-2FCAA064AC4F}.Release|x86.ActiveCfg = Release|Win32
		{8FB2495B-E9FC-4292-91EC-2FCAA064AC4F}.Release|x86.Build.0 = Release|Win32
		{5E82D8C9-DABA-4C10-B419-B62979E78221}.Debug|x64.ActiveCfg = Debug|x64
		{5E82D8C9-DABA-4C10-B419-B62979E78221}.Debug|x64.Build.0 = Debug|x64
		{5E82D8C9-DABA-4C10-B419-B62979E78221}.Debug|x86.ActiveCfg = Debug|Win32
		{5E82D8C9-DABA-4C10-B419-B62979E78221}.Debug|x86.Build.0 = Debug|Win32
		{5E82D8C9-DABA-4C10-B419-B62979E78221}.Release|x64.ActiveCfg = Release|x64
		{5E82D8C9-DABA-4C10-B419-B62979E78221}.Release|x64.Build.0 = Release|x64
		{5E82D8C9-DABA-4C10-B419-B62979E78221}.Release|x86.ActiveCfg = Release|Win32
		{5E82D8C9-DABA-4C10-B419-B62979E78221}.Release|x86.Build.0 = Release|Win32
		{26EED2AD-2571-4A98-9300-52C036D05A0D}.Debug|x64.ActiveCfg = Debug|x64
		{26EED2AD-2571-4A98-9300-52C036D05A0D}.Debug|x64.Build.0 = Debug|x64
		{26EED2AD-2571-4A98-9300-52C036D05A0D}.Debug|x86.ActiveCfg = Debug|Win32
		{26EED2AD-2571-4A98-9300-52C036D05A0D}.Debug|x86.Build.0 = Debug|Win32
		{26EED2AD-2571-4A98-9300-52C036D05A0D}.Release|x64.ActiveCfg = Release|x64
		{26EED2AD-2571-4A98-9300-52C036D05A0D}.Release|x64.Build.0 = Release|x64
		{26EED2AD-2571-4A98-9300-52C036D05A0D}.Release|x86.ActiveCfg = Release|Win32
		{26EED2AD-2571-4A98-9300-52C036D05A0D}.Release|x86.Build.0 = Release|Win32
		{9D6C0B74-E62F-4930-B265-E0942A0998F0}.Debug|x64.ActiveCfg = Debug|x64
		{9D6C0B74-E62F-4930-B265-E0942A0998F0}.Debug|x64.Build.0 = Debug|x64
		{9D6C0B74-E62F-4930-B265-E0942A0998F0}.Debug|x86.ActiveCfg = Debug|Win32
		{9D6C0B74-E62F-4930-B265-E0942A0998F0}.Debug|x86.Build.0 = Debug|Win32
		{9D6C0B74-E62F-4930-B265-E0942A0998F0}.Release|x64.ActiveCfg = Release|x64
		{9D6C0B74-E62F-4930-B265-E0942A0998F0}.Release|x64.Build.0 = Release|x64
		{9D6C0B74-E62F-4930-B265-E0942A0998F0}.Release|x86.ActiveCfg = Release|Win32
		{9D6C0B74-E62F-4930-B265-E0942A0998F0}.Release|x86.Build.0 = Release|Win32
		{3689236B-4081-4050-A887-F1FDBC4A005B}.Debug|x64.ActiveCfg = Debug|x64
		{3689236B-4081-4050-A887-F1FDBC4A005B}.Debug|x64.Build.0 = Debug|x64
		{3689236B-4081-4050-A887-F1FDBC4A005B}.Debug|x86.ActiveCfg = Debug|Win32
		{3689236B-4081-4050-A887-F1FDBC4A005B}.Debug|x86.Build.0 = Debug|Win32
		{3689236B-4081-4050-A887-F1FDBC4A005B}.Release|x64.ActiveCfg = Release|x64
		{3689236B-4081-4050-A887-F1FDBC4A005B}.Release|x64.Build.0 = Release|x64
		{3689236B-4081-4050-A887-F1FDBC4A005B}.Release|x86.ActiveCfg = Release|Win32
		{3689236B-4081-4050-A887-F1FDBC4A005B}.Release|x86.Build.0 = Release|Win32
		{F4EDB9E5-4502-4F29-BF7C-07787D95EDA9}.Debug|x64.ActiveCfg = Debug|x64
		{F4EDB9E5-4502-4F29-BF7C-07787D95EDA9}.Debug|x64.Build.0 = Debug|x64
		{F4EDB9E5-4502-4F29-BF7C-07787D95EDA9}.Debug|x86.ActiveCfg = Debug|Win32
		{F4EDB9E5-4502-4F29-BF7C-07787D95EDA9}.Debug|x86.Build.0 = Debug|Win32
		{F4EDB9E5-4502-4F29-BF7C-07787D95EDA9}.Release|x64.ActiveCfg = Release|x64
		{F4EDB9E5-4502-4F29-BF7C-07787D95EDA9}.Release|x64.Build.0 = Release|x64
		{F4EDB9E5-4502-4F29-BF7C-07787D95EDA9}.Release|x86.ActiveCfg = Release|Win32
		{F4EDB9E5-4502-4F29-BF7C-07787D95EDA9}.Release|x86.Build.0 = Release|Win32
		{C72DDF9B-DDCE-4B96-9A5A-FAB51204CD4E}.Debug|x64.ActiveCfg = Debug|x64
		{C72DDF9B-DDCE-4B96-9A5A-FAB51204CD4E}.Debug|x64.Build.0 = Debug|x64
		{C72DDF9B-DDCE-4B96-9A5A-FAB51204CD4E}.Debug|x86.ActiveCfg = Debug|Win32
		{C72DDF9B-DDCE-4B96-9A5A-FAB51204CD4E}.Debug|x86.Build.0 = Debug|Win32
		{C72DDF9B-DDCE-4B96-9A5A-FAB51204CD4E}.Release|x64.ActiveCfg = Release|x64
		{C72DDF9B-DDCE-4B96-9A5A-FAB51204CD4E}.Release|x64.Build.0 = Release|x64
		{C72DDF9B-DDCE-4B96-9A5A-FAB51204CD4E}.Release|x86.ActiveCfg = Release|Win32
		{C72DDF9B-DDCE-4B96-9A5A-FAB51204CD4E}.Release|x86.Build.0 = Release|Win32
		{FB3C6517-BE9C-4B03-A07D-F2B00E0627EF}.Debug|x64.ActiveCfg = Debug|x64
		{FB3C6517-BE9C-4B03-A07D-F2B00E0627EF}.Debug|x64.Build.0 = Debug|x64
		{FB3C6517-BE9C-4B03-A07D-F2B00E0627EF}.Debug|x86.ActiveCfg = Debug|Win32
		{FB3C6517-BE9C-4B03-A07D-F2B00E0627EF}.Debug|x86.Build.0 = Debug|Win32
		{FB3C6517-BE9C-4B03-A07D-F2B00E0627EF}.Release|x64.ActiveCfg = Release|x64
		{FB3C6517-BE9C-4B03-A07D-F2B00E0627EF}.Release|x64.Build.0 = Release|x64
		{FB3C6517-BE9C-4B03-A07D-F2B00E0627EF}.Release|x86.ActiveCfg = Release|Win32
		{FB3C6517-BE9C-4B03-A07D-F2B00E0627EF}.Release|x86.Build.0 = Release|Win32
		{8FB8E9A7-2D70-4A14-BE88-836E3A68B21E}.Debug|x64.ActiveCfg = Debug|x64
		{8FB8E9A7-2D70-4A14-BE88-836E3A68B21E}.Debug|x64.Build.0 = Debug|x64
		{8FB8E9A7-2D70-4A14-BE88-836E3A68B21E}.Debug|x86.ActiveCfg = Debug|Win32
		{8FB8E9A7-2D70-4A14-BE88-836E3A68B21E}.Debug|x86.Build.0 = Debug|Win32
		{8FB8E9A7-2D70-4A14-BE88-836E3A68B21E}.Release|x64.ActiveCfg = Release|x64
		{8FB8E9A7-2D70-4A14-BE88-836E3A68B21E}.Release|x64.Build.0 = Release|x64
		{8FB8E9A7-2D70-4A14-BE88-836E3A68B21E}.Release|x86.ActiveCfg = Release|Win32
		{8FB8E9A7-2D70-4A14-BE88-836E3A68B21E}.Release|x86.Build.0 = Release|Win32
		{057F5D45-7CFB-41F6-A046-FACB400CD5C4}.Debug|x64.ActiveCfg = Debug|x64
		{057F5D45-7CFB-41F6-A046-FACB400CD5C4}.Debug|x64.Build.0 = Debug|x64
		{057F5D45-7CFB-41F6-A046-FACB400CD5C4}.Debug|x86.ActiveCfg = Debug|Win32
		{057F5D45-7CFB-41F6-A046-FACB400CD5C4}.Debug|x86.Build.0 = Debug|Win32
		{057F5D45-7CFB-41F6-A046-FACB400CD5C4}.Release|x64.ActiveCfg = Release|x64
		{057F5D45-7CFB-41F6-A046-FACB400CD5C4}.Release|x64.Build.0 = Release|x64
		{057F5D45-7CFB-41F6-A046-FACB400CD5C4}.Release|x86.ActiveCfg = Release|Win32
		{057F5D45-7CFB-41F6-A046-FACB400CD5C4}.Release|x86.Build.0 = Release|Win32
		{FB9694F3-08A4-4818-9B8C-BC1833040592}.Debug|x64.ActiveCfg = Debug|x64
		{FB9694F3-08A4-4818-9B8C-BC1833040592}.Debug|x64.Build.0 = Debug|x64
		{FB9694F3-08A4-4818-9B8C-BC1833040592}.Debug|x86.ActiveCfg = Debug|Win32
		{FB9694F3-08A4-4818-9B8C-BC1833040592}.Debug|x86.Build.0 = Debug|Win32
		{FB9694F3-08A4-4818-9B8C-BC1833040592}.Release|x64.ActiveCfg = Release|x64
		{FB9694F3-08A4-4818-9B8C-BC1833040592}.Release|x64.Build.0 = Release|x64
		{FB9694F3-08A4-4818-9B8C-BC1833040592}.Release|x86.ActiveCfg = Release|Win32
		{FB9694F3-08A4-4818-9B8C-BC1833040592}.Release|x86.Build.0 = Release|Win32
		{27BBEF13-EE49-4AD9-A5CC-FA106F51A0B5}.Debug|x64.ActiveCfg = Debug|x64
		{27BBEF13-EE49-4AD9-A5CC-FA106F51A0B5}.Debug|x64.Build.0 = Debug|x64
		{27BBEF13-EE49-4AD9-A5CC-FA106F51A0B5}.Debug|x86.ActiveCfg = Debug|Win32
		{27BBEF13-EE49-4AD9-A5CC-FA106F51A0B5}.Debug|x86.Build.0 = Debug|Win32
		{27BBEF13-EE49-4AD9-A5CC-FA106F51A0B5}.Release|x64.ActiveCfg = Release|x64
		{27BBEF13-EE49-4AD9-A5CC-FA106F51A0B5}.Release|x64.Build.0 = Release|x64
		{27BBEF13-EE49-4AD9-A5CC-FA106F51A0B5}.Release|x86.ActiveCfg = Release|Win32
		{27BBEF13-EE49-4AD9-A5CC-FA106F51A0B5}.Release|x86.Build.0 = Release|Win32
		{FFEF162A-AE47-4736-9FA0-BFCF427DFD59}.Debug|x64.ActiveCfg = Debug|x64
		{FFEF162A-AE47-4736-9FA0-BFCF427DFD59}.Debug|x64.Build.0 = Debug|x64
		{FFEF162A-AE47-4736-9FA0-BFCF427DFD59}.Debug|x86.ActiveCfg = Debug|Win32
		{FFEF162A-AE47-4736-9FA0-BFCF427DFD59}.Debug|x86.Build.0 = Debug|Win32
		{FFEF162A-AE47-4736-9FA0-BFCF427DFD59}.Release|x64.ActiveCfg = Release|x64
		{FFEF162A-AE47-4736-9FA0-BFCF427DFD59}.Release|x64.Build.0 = Release|x64
		{FFEF162A-AE47-4736-9FA0-BFCF427DFD59}.Release|x86.ActiveCfg = Release|Win32
		{FFEF162A-AE47-4736-9FA0-BFCF427DFD59}.Release|x86.Build.0 = Release|Win32
		{168C20C0-90A7-437A-BF83-5F34D7FFABE5}.Debug|x64.ActiveCfg = Debug|x64
		{168C20C0-90A7-437A-BF83-5F34D7FFABE5}.Debug|x64.Build.0 = Debug|x64
		{168C20C0-90A7-437A-BF83-5F34D7FFABE5}.Debug|x86.ActiveCfg = Debug|Win32
		{168C20C0-90A7-437A-BF83-5F34D7FFABE5}.Debug|x86.Build.0 = Debug|Win32
		{168C20C0-90A7-437A-BF83-5F34D7FFABE5}.Release|x64.ActiveCfg = Release|x64
		{168C20C0-90A7-437A-BF83-5F34D7FFABE5}.Release|x64.Build.0 = Release|x64
		{168C20C0-90A7-437A-BF83-5F34D7FFABE5}.Release|x86.ActiveCfg = Release|Win32
		{168C20C0-90A7-437A-BF83-5F34D7FFABE5}.Release|x86.Build.0 = Release|Win32
		{27AF3A9F-1814-4449-B47B-F584FC30DB5E}.Debug|x64.ActiveCfg = Debug|x64
		{27AF3A9F-1814-4449-B47B-F584FC30DB5E}.Debug|x64.Build.0 = Debug|x64
		{27AF3A9F-1814-4449-B47B-F584FC30DB5E}.Debug|x86.ActiveCfg = Debug|Win32
		{27AF3A9F-1814-4449-B47B-F584FC30DB5E}.Debug|x86.Build.0 = Debug|Win32
		{27AF3A9F-1814-4449-B47B-F584FC30DB5E}.Release|x64.ActiveCfg = Release|x64
		{27AF3A9F-1814-4449-B47B-F584FC30DB5E}.Release|x64.Build.0 = Release|x64
		{27AF3A9F-1814-4449-B47B-F584FC30DB5E}.Release|x86.ActiveCfg = Release|Win32
		{27AF3A9F-1814-4449-B47B-F584FC30DB5E}.Release|x86.Build.0 = Release|Win32
		{2084068E-C084-4707-BB6D-BF87FBCDC17C}.Debug|x64.ActiveCfg = Debug|x64
		{2084068E-C084-4707-BB6D-BF87FBCDC17C}.Debug|x64.Build.0 = Debug|x64
		{2084068E-C084-4707-BB6D-BF87FBCDC17C}.Debug|x86.ActiveCfg = Debug|Win32
		{2084068E-C084-4707-BB6D-BF87FBCDC17C}.Debug|x86.Build.0 = Debug|Win32
		{2084068E-C084-4707-BB6D-BF87FBCDC17C}.Release|x64.ActiveCfg = Release|x64
		{2084068E-C084-4707-BB6D-BF87FBCDC17C}.Release|x64.Build.0 = Release|x64
		{2084068E-C084-4707-BB6D-BF87FBCDC17C}.Release|x86.ActiveCfg = Release|Win32
		{2084068E-C084-4707-BB6D-BF87FBCDC17C}.Release|x86.Build.0 = Release|Win32
		{95EC541C-093C-419B-9696-08771F4D0D53}.Debug|x64.ActiveCfg = Debug|x64
		{95EC541C-093C-419B-9696-08771F4D0D53}.Debug|x64.Build.0 = Debug|x64
		{95EC541C-093C-419B-9696-08771F4D0D53}.Debug|x86.ActiveCfg = Debug|Win32
		{95EC541C-093C-419B-9696-08771F4D0D53}.Debug|x86.Build.0 = Debug|Win32
		{95EC541C-093C-419B-9696-08771F4D0D53}.Release|x64.ActiveCfg = Release|x64
		{95EC541C-093C-419B-9696-08771F4D0D53}.Release|x64.Build.0 = Release|x64
		{95EC541C-093C-419B-9696-08771F4D0D53}.Release|x86.ActiveCfg = Release|Win32
		{95EC541C-093C-419B-9696-08771F4D0D53}.Release|x86.Build.0 = Release|Win32
		{61D324B8-D104-4D35-AC20-FCCA8CA7A295}.Debug|x64.ActiveCfg = Debug|x64
		{61D324B8-D104-4D35-AC20-FCCA8CA7A295}.Debug|x64.Build.0 = Debug|x64
		{61D324B8-D104-4D35-AC20-FCCA8CA7A295}.Debug|x86.ActiveCfg = Debug|Win32
		{61D324B8-D104-4D35-AC20-FCCA8CA7A295}.Debug|x86.Build.0 = Debug|Win32
		{61D324B8-D104-4D35-AC20-FCCA8CA7A295}.Release|x64.ActiveCfg = Release|x64
		{61D324B8-D104-4D35-AC20-FCCA8CA7A295}.Release|x64.Build.0 = Release|x64
		{61D324B8-D104-4D35-AC20-FCCA8CA7A295}.Release|x86.ActiveCfg = Release|Win32
		{61D324B8-D104-4D35-AC20-FCCA8CA7A295}.Release|x86.Build.0 = Release|Win32
		{681D342E-6323-4052-915D-7B40F3F91160}.Debug|x64.ActiveCfg = Debug|x64
		{681D342E-6323-4052-915D-7B40F3F91160}.Debug|x64.Build.0 = Debug|x64
		{681D342E-6323-4052-915D-7B40F3F91160}.Debug|x86.ActiveCfg = Debug|Win32
		{681D342E-6323-4052-915D-7B40F3F91160}.Debug|x86.Build.0 = Debug|Win32
		{681D342E-6323-4052-915D-7B40F3F91160}.Release|x64.ActiveCfg = Release|x64
		{681D342E-6323-4052-915D-7B40F3F91160}.Release|x64.Build.0 = Release|x64
		{681D342E-6323-4052-915D-7B40F3F91160}.Release|x86.ActiveCfg = Release|Win32
		{681D342E-6323-4052-915D-7B40F3F91160}.Release|x86.Build.0 = Release|Win32
		{5D43F77A-2886-42DE-928F-E9F504DCF366}.Debug|x64.ActiveCfg = Debug|x64
		{5D43F77A-2886-42DE-928F-E9F504DCF366}.Debug|x64.Build.0 = Debug|x64
		{5D43F77A-2886-42DE-928F-E9F504DCF366}.Debug|x86.ActiveCfg = Debug|Win32
		{5D43F77A-2886-42DE-928F-E9F504DCF366}.Debug|x86.Build.0 = Debug|Win32
		{5D43F77A-2886-42DE-928F-E9F504DCF366}.Release|x64.ActiveCfg = Release|x64
		{5D43F77A-2886-42DE-928F-E9F504DCF366}.Release|x64.Build.0 = Release|x64
		{5D43F77A-2886-42DE-928F-E9F504DCF366}.Release|x86.ActiveCfg = Release|Win32
		{5D43F77A-2886-42DE-928F-E9F504DCF366}.Release|x86.Build.0 = Release|Win32
		{14139E3D-0A12-4123-A8CB-8F9EEA709B62}.Debug|x64.ActiveCfg = Debug|x64
		{14139E3D-0A12-4123-A8CB-8F9EEA709B62}.Debug|x64.Build.0 = Debug|x64
		{14139E3D-0A12-4123-A8CB-8F9EEA709B62}.Debug|x86.ActiveCfg = Debug|Win32
		{14139E3D-0A12-4123-A8CB-8F9EEA709B62}.Debug|x86.Build.0 = Debug|Win32
		{14139E3D-0A12-4123-A8CB-8F9EEA709B62}.Release|x64.ActiveCfg = Release|x64
		{14139E3D-0A12-4123-A8CB-8F9EEA709B62}.Release|x64.Build.0 = Release|x64
		{14139E3D-0A12-4123-A8CB-8F9EEA709B62}.Release|x86.ActiveCfg = Release|Win32
		{14139E3D-0A12-4123-A8CB-8F9EEA709B62}.Release|x86.Build.0 = Release|Win32
		{CB9C2D81-6544-47ED-896E-C631EA33A28F}.Debug|x64.ActiveCfg = Debug|x64
		{CB9C2D81-6544-47ED-896E-C631EA33A28F}.Debug|x64.Build.0 = Debug|x64
		{CB9C2D81-6544-47ED-896E-C631EA33A28F}.Debug|x86.ActiveCfg = Debug|Win32
		{CB9C2D81-6544-47ED-896E-C631EA33A28F}.Debug|x86.Build.0 = Debug|Win32
		{CB9C2D81-6544-47ED-896E-C631EA33A28F}.Release|x64.ActiveCfg = Release|x64
		{CB9C2D81-6544-47ED-896E-C631EA33A28F}.Release|x64.Build.0 = Release|x64
		{CB9C2D81-6544-47ED-896E-C631EA33A28F}.Release|x86.ActiveCfg = Release|Win32
		{CB9C2D81-6544-47ED-896E-C631EA33A28F}.Release|x86.Build.0 = Release|Win32
		{6DB8EADD-C0D5-4043-B762-E7E766AF5C2E}.Debug|x64.ActiveCfg = Debug|x64
		{6DB8EADD-C0D5-4043-B762-E7E766AF5C2E}.Debug|x64.Build.0 = Debug|x64
		{6DB8EADD-C0D5-4043-B762-E7E766AF5C2E}.Debug|x86.ActiveCfg = Debug|Win32
		{6DB8EADD-C0D5-4043-B762-E7E766AF5C2E}.Debug|x86.Build.0 = Debug|Win32
		{6DB8EADD-C0D5-4043-B762-E7E766AF5C2E}.Release|x64.ActiveCfg = Release|x64
		{6DB8EADD-C0D5-4043-B762-E7E766AF5C2E}.Release|x64.Build.0 = Release|x64
		{6DB8EADD-C0D5-4043-B762-E7E766AF5C2E}.Release|x86.ActiveCfg = Release|Win32
		{6DB8EADD-C0D5-4043-B762-E7E766AF5C2E}.Release|x86.Build.0 = Release|Win32
		{F4F16BFA-9289-47CA-A701-DCE4FD1A8E98}.Debug|x64.ActiveCfg = Debug|x64
		{F4F16BFA-9289-47CA-A701-DCE4FD1A8E98}.Debug|x64.Build.0 = Debug|x64
		{F4F16BFA-9289-47CA-A701-DCE4FD1A8E98}.Debug|x86.ActiveCfg = Debug|Win32
		{F4F16BFA-9289-47CA-A701-DCE4FD1A8E98}.Debug|x86.Build.0 = Debug|Win32
		{F4F16BFA-9289-47CA-A701-DCE4FD1A8E98}.Release|x64.ActiveCfg = Release|x64
		{F4F16BFA-9289-47CA-A701-DCE4FD1A8E98}.Release|x64.Build.0 = Release|x64
		{F4F16BFA-9289-47CA-A701-DCE4FD1A8E98}.Release|x86.ActiveCfg = Release|Win32
		{F4F16BFA-9289-47CA-A701-DCE4FD1A8E98}.Release|x86.Build.0 = Release|Win32
		{64547B2A-3638-44CF-84AD-EF90D4DA40DD}.Debug|x64.ActiveCfg = Debug|x64
		{64547B2A-3638-44CF-84AD-EF90D4DA40DD}.Debug|x64.Build.0 = Debug|x64
		{64547B2A-3638-44CF-84AD-EF90D4DA40DD}.Debug|x86.ActiveCfg = Debug|Win32
		{64547B2A-3638-44CF-84AD-EF90D4DA40DD}.Debug|x86.Build.0 = Debug|Win32
		{64547B2A-3638-44CF-84AD-EF90D4DA40DD}.Release|x64.ActiveCfg = Release|x64
		{64547B2A-3638-44CF-84AD-EF90D4DA40DD}.Release|x64.Build.0 = Release|x64
		{64547B2A-3638-44CF-84AD-EF90D4DA40DD}.Release|x86.ActiveCfg = Release|Win32
		{64547B2A-3638-44CF-84AD-EF90D4DA40DD}.Release|x86.Build.0 = Release|Win32
		{95D9F288-C801-420C-AD57-6268D31A2E01}.Debug|x64.ActiveCfg = Debug|x64
		{95D9F288-C801-420C-AD57-6268D31A2E01}.Debug|x64.Build.0 = Debug|x64
		{95D9F288-C801-420C-AD57-6268D31A2E01}.Debug|x86.ActiveCfg = Debug|Win32
		{95D9F288-C801-420C-AD57-6268D31A2E01}.Debug|x86.Build.0 = Debug|Win32
		{95D9F288-C801-420C-AD57-6268D31A2E01}.Release|x64.ActiveCfg = Release|x64
		{95D9F288-C801-420C-AD57-6268D31A2E01}.Release|x64.Build.0 = Release|x64
		{95D9F288-C801-420C-AD57-6268D31A2E01}.Release|x86.ActiveCfg = Release|Win32
		{95D9F288-C801-420C-AD57-6268D31A2E01}.Release|x86.Build.0 = Release|Win32
		{B14F6B3A-7A57-402A-BFCF-20F76BD702F1}.Debug|x64.ActiveCfg = Debug|x64
		{B14F6B3A-7A57-402A-BFCF-20F76BD702F1}.Debug|x64.Build.0 = Debug|x64
		{B14F6B3A-7A57-402A-BFCF-20F76BD702F1}.Debug|x86.ActiveCfg = Debug|Win32
		{B14F6B3A-7A57-402A-BFCF-20F76BD702F1}.Debug|x86.Build.0 = Debug|Win32
		{B14F6B3A-7A57-402A-BFCF-20F76BD702F1}.Release|x64.ActiveCfg = Release|x64
		{B14F6B3A-7A57-402A-BFCF-20F76BD702F1}.Release|x64.Build.0 = Release|x64
		{B14F6B3A-7A57-402A-BFCF-20F76BD702F1}.Release|x86.ActiveCfg = Release|Win32
		{B14F6B3A-7A57-402A-BFCF-20F76BD702F1}.Release|x86.Build.0 = Release|Win32
		{77F3F8C8-F23C-455D-9103-7855C16C3339}.Debug|x64.ActiveCfg = Debug|x64
		{77F3F8C8-F23C-455D-9103-7855C16C3339}.Debug|x64.Build.0 = Debug|x64
		{77F3F8C8-F23C-455D-9103-7855C16C3339}.Debug|x86.ActiveCfg = Debug|Win32
		{77F3F8C8-F23C-455D-9103-7855C16C3339}.Debug|x86.Build.0 = Debug|Win32
		{77F3F8C8-F23C-455D-9103-7855C16C3339}.Release|x64.ActiveCfg = Release|x64
		{77F3F8C8-F23C-455D-9103-7855C16C3339}.Release|x64.Build.0 = Release|x64
		{77F3F8C8-F23C-455D-9103-7855C16C3339}.Release|x86.ActiveCfg = Release|Win32
		{77F3F8C8-F23C-455D-9103-7855C16C3339}.Release|x86.Build.0 = Release|Win32
		{E1DE0E0E-11E6-49D3-B3FD-C7CA9F59B8A4}.Debug|x64.ActiveCfg = Debug|x64
		{E1DE0E0E-11E6-49D3-B3FD-C7CA9F59B8A4}.Debug|x64.Build.0 = Debug|x64
		{E1DE0E0E-11E6-49D3-B3FD-C7CA9F59B8A4}.Debug|x86.ActiveCfg = Debug|Win32
		{E1DE0E0E-11E6-49D3-B3FD-C7CA9F59B8A4}.Debug|x86.Build.0 = Debug|Win32
		{E1DE0E0E-11E6-49D3-B3FD-C7CA9F59B8A4}.Release|x64.ActiveCfg = Release|x64
		{E1DE0E0E-11E6-49D3-B3FD-C7CA9F59B8A4}.Release|x64.Build.0 = Release|x64
		{E1DE0E0E-11E6-49D3-B3FD-C7CA9F59B8A4}.Release|x86.ActiveCfg = Release|Win32
		{E1DE0E0E-11E6-49D3-B3FD-C7CA9F59B8A4}.Release|x86.Build.0 = Release|Win32
		{2F5222D2-86F8-4E33-BCE9-AFA644F20DDB}.Debug|x64.ActiveCfg = Debug|x64
		{2F5222D2-86F8-4E33-BCE9-AFA644F20DDB}.Debug|x64.Build.0 = Debug|x64
		{2F5222D2-86F8-4E33-BCE9-AFA644F20DDB}.Debug|x86.ActiveCfg = Debug|Win32
		{2F5222D2-86F8-4E33-BCE9-AFA644F20DDB}.Debug|x86.Build.0 = Debug|Win32
		{2F5222D2-86F8-4E33-BCE9-AFA644F20DDB}.Release|x64.ActiveCfg = Release|x64
		{2F5222D2-86F8-4E33-BCE9-AFA644F20DDB}.Release|x64.Build.0 = Release|x64
		{2F5222D2-86F8-4E33-BCE9-AFA644F20DDB}.Release|x86.ActiveCfg = Release|Win32
		{2F5222D2-86F8-4E33-BCE9-AFA644F20DDB}.Release|x86.Build.0 = Release|Win32
		{C33290D8-6B8C-4225-BE18-8CC286534D78}.Debug|x64.ActiveCfg = Debug|x64
		{C33290D8-6B8C-4225-BE18-8CC286534D78}.Debug|x64.Build.0 = Debug|x64
		{C33290D8-6B8C-4225-BE18-8CC286534D78}.Debug|x86.ActiveCfg = Debug|Win32
		{C33290D8-6B8C-4225-BE18-8CC286534D78}.Debug|x86.Build.0 = Debug|Win32
		{C33290D8-6B8C-4225-BE18-8CC286534D78}.Release|x64.ActiveCfg = Release|x64
		{C33290D8-6B8C-4225-BE18-8CC286534D78}.Release|x64.Build.0 = Release|x64
		{C33290D8-6B8C-4225-BE18-8CC286534D78}.Release|x86.ActiveCfg = Release|Win32
		{C33290D8-6B8C-4225-BE18-8CC286534D78}.Release|x86.Build.0 = Release|Win32
		{0FF3439A-AB62-4269-B46B-B8825E5EA441}.Debug|x64.ActiveCfg = Debug|x64
		{0FF3439A-AB62-4269-B46B-B8825E5EA441}.Debug|x64.Build.0 = Debug|x64
		{0FF3439A-AB62-4269-B46B-B8825E5EA441}.Debug|x86.ActiveCfg = Debug|Win32
		{0FF3439A-AB62-4269-B46B-B8825E5EA441}.Debug|x86.Build.0 = Debug|Win32
		{0FF3439A-AB62-4269-B46B-B8825E5EA441}.Release|x64.ActiveCfg = Release|x64
		{0FF3439A-AB62-4269-B46B-B8825E5EA441}.Release|x64.Build.0 = Release|x64
		{0FF3439A-AB62-4269-B46B-B8825E5EA441}.Release|x86.ActiveCfg = Release|Win32
		{0FF3439A-AB62-4269-B46B-B8825E5EA441}.Release|x86.Build.0 = Release|Win32
		{150FDEF8-59B8-498D-B291-BDFD24249BC7}.Debug|x64.ActiveCfg = Debug|x64
		{150FDEF8-59B8-498D-B291-BDFD24249BC7}.Debug|x64.Build.0 = Debug|x64
		{150FDEF8-59B8-498D-B291-BDFD24249BC7}.Debug|x86.ActiveCfg = Debug|Win32
		{150FDEF8-59B8-498D-B291-BDFD24249BC7}.Debug|x86.Build.0 = Debug|Win32
		{150FDEF8-59B8-498D-B291-BDFD24249BC7}.Release|x64.ActiveCfg = Release|x64
		{150FDEF8-59B8-498D-B291-BDFD24249BC7}.Release|x64.Build.0 = Release|x64
		{150FDEF8-59B8-498D-B291-BDFD24249BC7}.Release|x86.ActiveCfg = Release|Win32
		{150FDEF8-59B8-498D-B291-BDFD24249BC7}.Release|x86.Build.0 = Release|Win32
		{A05134E6-A484-4626-9941-51EFDCBE56F2}.Debug|x64.ActiveCfg = Debug|x64
		{A05134E6-A484-4626-9941-51EFDCBE56F2}.Debug|x64.Build.0 = Debug|x64
		{A05134E6-A484-4626-9941-51EFDCBE56F2}.Debug|x86.ActiveCfg = Debug|Win32
		{A05134E6-A484-4626-9941-51EFDCBE56F2}.Debug|x86.Build.0 = Debug|Win32
		{A05134E6-A484-4626-9941-51EFDCBE56F2}.Release|x64.ActiveCfg = Release|x64
		{A05134E6-A484-4626-9941-51EFDCBE56F2}.Release|x64.Build.0 = Release|x64
		{A05134E6-A484-4626-9941-51EFDCBE56F2}.Release|x86.ActiveCfg = Release|Win32
		{A05134E6-A484-4626-9941-51EFDCBE56F2}.Release|x86.Build.0 = Release|Win32
		{75E695D3-71BD-46DC-B0D9-5D627C9CDBC3}.Debug|x64.ActiveCfg = Debug|x64
		{75E695D3-71BD-46DC-B0D9-5D627C9CDBC3}.Debug|x64.Build.0 = Debug|x64
		{75E695D3-71BD-46DC-B0D9-5D627C9CDBC3}.Debug|x86.ActiveCfg = Debug|Win32
		{75E695D3-71BD-46DC-B0D9-5D627C9CDBC3}.Debug|x86.Build.0 = Debug|Win32
		{75E695D3-71BD-46DC-B0D9-5D627C9CDBC3}.Release|x64.ActiveCfg = Release|x64
		{75E695D3-71BD-46DC-B0D9-5D627C9CDBC3}.Release|x64.Build.0 = Release|x64
		{75E695D3-71BD-46DC-B0D9-5D627C9CDBC3}.Release|x86.ActiveCfg = Release|Win32
		{75E695D3-71BD-46DC-B0D9-5D627C9CDBC3}.Release|x86.Build.0 = Release|Win32
		{BD8ECF7A-D833-476F-897B-680268F5F883}.Debug|x64.ActiveCfg = Debug|x64
		{BD8ECF7A-D833-476F-897B-680268F5F883}.Debug|x64.Build.0 = Debug|x64
		{BD8ECF7A-D833-476F-897B-680268F5F883}.Debug|x86.ActiveCfg = Debug|Win32
		{BD8ECF7A-D833-476F-897B-680268F5F883}.Debug|x86.Build.0 = Debug|Win32
		{BD8ECF7A-D833-476F-897B-680268F5F883}.Release|x64.ActiveCfg = Release|x64
		{BD8ECF7A-D833-476F-897B-680268F5F883}.Release|x64.Build.0 = Release|x64
		{BD8ECF7A-D833-476F-897B-680268F5F883}.Release|x86.ActiveCfg = Release|Win32
		{BD8ECF7A-D833-476F-897B-680268F5F883}.Release|x86.Build.0 = Release|Win32
		{0E91006D-E2E5-4DD7-8EAD-45652D42C866}.Debug|x64.ActiveCfg = Debug|x64
		{0E91006D-E2E5-4DD7-8EAD-45652D42C866}.Debug|x64.Build.0 = Debug|x64
		{0E91006D-E2E5-4DD7-8EAD-45652D42C866}.Debug|x86.ActiveCfg = Debug|Win32
		{0E91006D-E2E5-4DD7-8EAD-45652D42C866}.Debug|x86.Build.0 = Debug|Win32
		{0E91006D-E2E5-4DD7-8EAD-45652D42C866}.Release|x64.ActiveCfg = Release|x64
		{0E91006D-E2E5-4DD7-8EAD-45652D42C866}.Release|x64.Build.0 = Release|x64
		{0E91006D-E2E5-4DD7-8EAD-45652D42C866}.Release|x86.ActiveCfg = Release|Win32
		{0E91006D-E2E5-4DD7-8EAD-45652D42C866}.Release|x86.Build.0 = Release|Win32
		{5EFC0F5C-19D3-472E-A1A5-AE6A73FA9CAD}.Debug|x64.ActiveCfg = Debug|x64
		{5EFC0F5C-19D3-472E-A1A5-AE6A73FA9CAD}.Debug|x64.Build.0 = Debug|x64
		{5EFC0F5C-19D3-472E-A1A5-AE6A73FA9CAD}.Debug|x86.ActiveCfg = Debug|Win32
		{5EFC0F5C-19D3-472E-A1A5-AE6A73FA9CAD}.Debug|x86.Build.0 = Debug|Win32
		{5EFC0F5C-19D3-472E-A1A5-AE6A73FA9CAD}.Release|x64.ActiveCfg = Release|x64
		{5EFC0F5C-19D3-472E-A1A5-AE6A73FA9CAD}.Release|x64.Build.0 = Release|x64
		{5EFC0F5C-19D3-472E-A1A5-AE6A73FA9CAD}.Release|x86.ActiveCfg = Release|Win32
		{5EFC0F5C-19D3-472E-A1A5-AE6A73FA9CAD}.Release|x86.Build.0 = Release|Win32
		{87DB2A9F-2D18-4A64-B2CA-95FB6B2C6F0C}.Debug|x64.ActiveCfg = Debug|x64
		{87DB2A9F-2D18-4A64-B2CA-95FB6B2C6F0C}.Debug|x64.Build.0 = Debug|x64
		{87DB2A9F-2D18-4A64-B2CA-95FB6B2C6F0C}.Debug|x86.ActiveCfg = Debug|Win32
		{87DB2A9F-2D18-4A64-B2CA-95FB6B2C6F0C}.Debug|x86.Build.0 = Debug|Win32
		{87DB2A9F-2D18-4A64-B2CA-95FB6B2C6F0C}.Release|x64.ActiveCfg = Release|x64
		{87DB2A9F-2D18-4A64-B2CA-95FB6B2C6F0C}.Release|x64.Build.0 = Release|x64
		{87DB2A9F-2D18-4A64-B2CA-95FB6B2C6F0C}.Release|x86.ActiveCfg = Release|Win32
		{87DB2A9F-2D18-4A64-B2CA-95FB6B2C6F0C}.Release|x86.Build.0 = Release|Win32
		{16E0E9CC-F04B-4825-AD78-B886E6AF506A}.Debug|x64.ActiveCfg = Debug|x64
		{16E0E9CC-F04B-4825-AD78-B886E6AF506A}.Debug|x64.Build.0 = Debug|x64
		{16E0E9CC-F04B-4825-AD78-B886E6AF506A}.Debug|x86.ActiveCfg = Debug|Win32
		{16E0E9CC-F04B-4825-AD78-B886E6AF506A}.Debug|x86.Build.0 = Debug|Win32
		{16E0E9CC-F04B-4825-AD78-B886E6AF506A}.Release|x64.ActiveCfg = Release|x64
		{16E0E9CC-F04B-4825-AD78-B886E6AF506A}.Release|x64.Build.0 = Release|x64
		{16E0E9CC-F04B-4825-AD78-B886E6AF506A}.Release|x86.ActiveCfg = Release|Win32
		{16E0E9CC-F04B-4825-AD78-B886E6AF506A}.Release|x86.Build.0 = Release|Win32
		{C7F19A2E-A2B1-4DD6-8D01-778F948CC455}.Debug|x64.ActiveCfg = Debug|x64
		{C7F19A2E-A2B1-4DD6-8D01-778F948CC455}.Debug|x64.Build.0 = Debug|x64
		{C7F19A2E-A2B1-4DD6-8D01-778F948CC455}.Debug|x86.ActiveCfg = Debug|Win32
		{C7F19A2E-A2B1-4DD6-8D01-778F948CC455}.Debug|x86.Build.0 = Debug|Win32
		{C7F19A2E-A2B1-4DD6-8D01-778F948CC455}.Release|x64.ActiveCfg = Release|x64
		{C7F19A2E-A2B1-4DD6-8D01-778F948CC455}.Release|x64.Build.0 = Release|x64
		{C7F19A2E-A2B1-4DD6-8D01-778F948CC455}.Release|x86.ActiveCfg = Release|Win32
		{C7F19A2E-A2B1-4DD6-8D01-778F948CC455}.Release|x86.Build.0 = Release|Win32
		{C8606673-AB11-4309-AD2B-70C28FBC0948}.Debug|x64.ActiveCfg = Debug|x64
		{C8606673-AB11-4309-AD2B-70C28FBC0948}.Debug|x64.Build.0 = Debug|x64
		{C8606673-AB11-4309-AD2B-70C28FBC0948}.Debug|x86.ActiveCfg = Debug|Win32
		{C8606673-AB11-4309-AD2B-70C28FBC0948}.Debug|x86.Build.0 = Debug|Win32
		{C8606673-AB11-4309-AD2B-70C28FBC0948}.Release|x64.ActiveCfg = Release|x64
		{C8606673-AB11-4309-AD2B-70C28FBC0948}.Release|x64.Build.0 = Release|x64
		{C8606673-AB11-4309-AD2B-70C28FBC0948}.Release|x86.ActiveCfg = Release|Win32
		{C8606673-AB11-4309-AD2B-70C28FBC0948}.Release|x86.Build.0 = Release|Win32
		{3E5EBF55-796B-4CC4-9241-F4ABBD9CA35B}.Debug|x64.ActiveCfg = Debug|x64
		{3E5EBF55-796B-4CC4-9241-F4ABBD9CA35B}.Debug|x64.Build.0 = Debug|x64
		{3E5EBF55-796B-4CC4-9241-F4ABBD9CA35B}.Debug|x86.ActiveCfg = Debug|Win32
		{3E5EBF55-796B-4CC4-9241-F4ABBD9CA35B}.Debug|x86.Build.0 = Debug|Win32
		{3E5EBF55-796B-4CC4-9241-F4ABBD9CA35B}.Release|x64.ActiveCfg = Release|x64
		{3E5EBF55-796B-4CC4-9241-F4ABBD9CA35B}.Release|x64.Build.0 = Release|x64
		{3E5EBF55-796B-4CC4-9241-F4ABBD9CA35B}.Release|x86.ActiveCfg = Release|Win32
		{3E5EBF55-796B-4CC4-9241-F4ABBD9CA35B}.Release|x86.Build.0 = Release|Win32
		{7C930837-4907-40F4-94AC-975C49900A4F}.Debug|x64.ActiveCfg = Debug|x64
		{7C930837-4907-40F4-94AC-975C49900A4F}.Debug|x64.Build.0 = Debug|x64
		{7C930837-4907-40F4-94AC-975C49900A4F}.Debug|x86.ActiveCfg = Debug|Win32
		{7C930837-4907-40F4-94AC-975C49900A4F}.Debug|x86.Build.0 = Debug|Win32
		{7C930837-4907-40F4-94AC-975C49900A4F}.Release|x64.ActiveCfg = Release|x64
		{7C930837-4907-40F4-94AC-975C49900A4F}.Release|x64.Build.0 = Release|x64
		{7C930837-4907-40F4-94AC-975C49900A4F}.Release|x86.ActiveCfg = Release|Win32
		{7C930837-4907-40F4-94AC-975C49900A4F}.Release|x86.Build.0 = Release|Win32
		{D22B7C06-BEC7-4738-A38D-A0B1476359AF}.Debug|x64.ActiveCfg = Debug|x64
		{D22B7C06-BEC7-4738-A38D-A0B1476359AF}.Debug|x64.Build.0 = Debug|x64
		{D22B7C06-BEC7-4738-A38D-A0B1476359AF}.Debug|x86.ActiveCfg = Debug|Win32
		{D22B7C06-BEC7-4738-A38D-A0B1476359AF}.Debug|x86.Build.0 = Debug|Win32
		{D22B7C06-BEC7-4738-A38D-A0B1476359AF}.Release|x64.ActiveCfg = Release|x64
		{D22B7C06-BEC7-4738-A38D-A0B1476359AF}.Release|x64.Build.0 = Release|x64
		{D22B7C06-BEC7-4738-A38D-A0B1476359AF}.Release|x86.ActiveCfg = Release|Win32
		{D22B7C06-BEC7-4738-A38D-A0B1476359AF}.Release|x86.Build.0 = Release|Win32
		{A3DAF32F-9108-4E31-B63E-96FC80135223}.Debug|x64.ActiveCfg = Debug|x64
		{A3DAF32F-9108-4E31-B63E-96FC80135223}.Debug|x64.Build.0 = Debug|x64
		{A3DAF32F-9108-4E31-B63E-96FC80135223}.Debug|x86.ActiveCfg = Debug|Win32
		{A3DAF32F-9108-4E31-B63E-96FC80135223}.Debug|x86.Build.0 = Debug|Win32
		{A3DAF32F-9108-4E31-B63E-96FC80135223}.Release|x64.ActiveCfg = Release|x64
		{A3DAF32F-9108-4E31-B63E-96FC80135223}.Release|x64.Build.0 = Release|x64
		{A3DAF32F-9108-4E31-B63E-96FC80135223}.Release|x86.ActiveCfg = Release|Win32
		{A3DAF32F-9108-4E31-B63E-96FC80135223}.Release|x86.Build.0 = Release|Win32
		{7A3B7C4A-3780-4B95-A65B-556BBD2832B9}.Debug|x64.ActiveCfg = Debug|x64
		{7A3B7C4A-3780-4B95-A65B-556BBD2832B9}.Debug|x64.Build.0 = Debug|x64
		{7A3B7C4A-3780-4B95-A65B-556BBD2832B9}.Debug|x86.ActiveCfg = Debug|Win32
		{7A3B7C4A-3780-4B95-A65B-556BBD2832B9}.Debug|x86.Build.0 = Debug|Win32
		{7A3B7C4A-3780-4B95-A65B-556BBD2832B9}.Release|x64.ActiveCfg = Release|x64
		{7A3B7C4A-3780-4B95-A65B-556BBD2832B9}.Release|x64.Build.0 = Release|x64
		{7A3B7C4A-3780-4B95-A65B-556BBD2832B9}.Release|x86.ActiveCfg = Release|Win32
		{7A3B7C4A-3780-4B95-A65B-556BBD2832B9}.Release|x86.Build.0 = Release|Win32
		{6325CE79-F7BA-456F-9B2B-E261C4C64C0A}.Debug|x64.ActiveCfg = Debug|x64
		{6325CE79-F7BA-456F-9B2B-E261C4C64C0A}.Debug|x64.Build.0 = Debug|x64
		{6325CE79-F7BA-456F-9B2B-E261C4C64C0A}.Debug|x86.ActiveCfg = Debug|Win32
		{6325CE79-F7BA-456F-9B2B-E261C4C64C0A}.Debug|x86.Build.0 = Debug|Win32
		{6325CE79-F7BA-456F-9B2B-E261C4C64C0A}.Release|x64.ActiveCfg = Release|x64
		{6325CE79-F7BA-456F-9B2B-E261C4C64C0A}.Release|x64.Build.0 = Release|x64
		{6325CE79-F7BA-456F-9B2B-E261C4C64C0A}.Release|x86.ActiveCfg = Release|Win32
		{6325CE79-F7BA-456F-9B2B-E261C4C64C0A}.Release|x86.Build.0 = Release|Win32
		{B300FCD0-9E0E-4683-B767-75EC292A2E7D}.Debug|x64.ActiveCfg = Debug|x64
		{B300FCD0-9E0E-4683-B767-75EC292A2E7D}.Debug|x64.Build.0 = Debug|x64
		{B300FCD0-9E0E-4683-B767-75EC292A2E7D}.Debug|x86.ActiveCfg = Debug|Win32
		{B300FCD0-9E0E-4683-B767-75EC292A2E7D}.Debug|x86.Build.0 = Debug|Win32
		{B300FCD0-9E0E-4683-B767-75EC292A2E7D}.Release|x64.ActiveCfg = Release|x64
		{B300FCD0-9E0E-4683-B767-75EC292A2E7D}.Release|x64.Build.0 = Release|x64
		{B300FCD0-9E0E-4683-B767-75EC292A2E7D}.Release|x86.ActiveCfg = Release|Win32
		{B300FCD0-9E0E-4683-B767-75EC292A2E7D}.Release|x86.Build.0 = Release|Win32
		{5A4BE5C4-6562-4888-A643-93F8C9F1A4BF}.Debug|x64.ActiveCfg = Debug|x64
		{5A4BE5C4-6562-4888-A643-93F8C9F1A4BF}.Debug|x64.Build.0 = Debug|x64
		{5A4BE5C4-6562-4888-A643-93F8C9F1A4BF}.Debug|x86.ActiveCfg = Debug|Win32
		{5A4BE5C4-6562-4888-A643-93F8C9F1A4BF}.Debug|x86.Build.0 = Debug|Win32
		{5A4BE5C4-6562-4888-A643-93F8C9F1A4BF}.Release|x64.ActiveCfg = Release|x64
		{5A4BE5C4-6562-4888-A643-93F8C9F1A4BF}.Release|x64.Build.0 = Release|x64
		{5A4BE5C4-6562-4888-A643-93F8C9F1A4BF}.Release|x86.ActiveCfg = Release|Win32
		{5A4BE5C4-6562-4888-A643-93F8C9F1A4BF}.Release|x86.Build.0 = Release|Win32
		{49FCA16A-7A9C-414E-A546-CCF317EC3C8E}.Debug|x64.ActiveCfg = Debug|x64
		{49FCA16A-7A9C-414E-A546-CCF317EC3C8E}.Debug|x64.Build.0 = Debug|x64
		{49FCA16A-7A9C-414E-A546-CCF317EC3C8E}.Debug|x86.ActiveCfg = Debug|Win32
		{49FCA16A-7A9C-414E-A546-CCF317EC3C8E}.Debug|x86.Build.0 = Debug|Win32
		{49FCA16A-7A9C-414E-A546-CCF317EC3C8E}.Release|x64.ActiveCfg = Release|x64
		{49FCA16A-7A9C-414E-A546-CCF317EC3C8E}.Release|x64.Build.0 = Release|x64
		{49FCA16A-7A9C-414E-A546-CCF317EC3C8E}.Release|x86.ActiveCfg = Release|Win32
		{49FCA16A-7A9C-414E-A546-CCF317EC3C8E}.Release|x86.Build.0 = Release|Win32
		{598E8C24-E21E-4536-A777-FC848175219D}.Debug|x64.ActiveCfg = Debug|x64
		{598E8C24-E21E-4536-A777-FC848175219D}.Debug|x64.Build.0 = Debug|x64
		{598E8C24-E21E-4536-A777-FC848175219D}.Debug|x86.ActiveCfg = Debug|Win32
		{598E8C24-E21E-4536-A777-FC848175219D}.Debug|x86.Build.0 = Debug|Win32
		{598E8C24-E21E-4536-A777-FC848175219D}.Release|x64.ActiveCfg = Release|x64
		{598E8C24-E21E-4536-A777-FC848175219D}.Release|x64.Build.0 = Release|x64
		{598E8C24-E21E-4536-A777-FC848175219D}.Release|x86.ActiveCfg = Release|Win32
		{598E8C24-E21E-4536-A777-FC848175219D}.Release|x86.Build.0 = Release|Win32
		{D0C71F58-4047-458D-AECA-C25D15C17D40}.Debug|x64.ActiveCfg = Debug|x64
		{D0C71F58-4047-458D-AECA-C25D15C17D40}.Debug|x64.Build.0 = Debug|x64
		{D0C71F58-4047-458D-AECA-C25D15C17D40}.Debug|x86.ActiveCfg = Debug|Win32
		{D0C71F58-4047-458D-AECA-C25D15C17D40}.Debug|x86.Build.0 = Debug|Win32
		{D0C71F58-4047-458D-AECA-C25D15C17D40}.Release|x64.ActiveCfg = Release|x64
		{D0C71F58-4047-458D-AECA-C25D15C17D40}.Release|x64.Build.0 = Release|x64
		{D0C71F58-4047-458D-AECA-C25D15C17D40}.Release|x86.ActiveCfg = Release|Win32
		{D0C71F58-4047-458D-AECA-C25D15C17D40}.Release|x86.Build.0 = Release|Win32
		{2EF4E725-6B8A-40D3-B901-46B37153255C}.Debug|x64.ActiveCfg = Debug|x64
		{2EF4E725-6B8A-40D3-B901-46B37153255C}.Debug|x64.Build.0 = Debug|x64
		{2EF4E725-6B8A-40D3-B901-46B37153255C}.Debug|x86.ActiveCfg = Debug|Win32
		{2EF4E725-6B8A-40D3-B901-46B37153255C}.Debug|x86.Build.0 = Debug|Win32
		{2EF4E725-6B8A-40D3-B901-46B37153255C}.Release|x64.ActiveCfg = Release|x64
		{2EF4E725-6B8A-40D3-B901-46B37153255C}.Release|x64.Build.0 = Release|x64
		{2EF4E725-6B8A-40D3-B901-46B37153255C}.Release|x86.ActiveCfg = Release|Win32
		{2EF4E725-6B8A-40D3-B901-46B37153255C}.Release|x86.Build.0 = Release|Win32
		{674ADC67-3838-4DAD-9FC2-2A00BCE2A6E3}.Debug|x64.ActiveCfg = Debug|x64
		{674ADC67-3838-4DAD-9FC2-2A00BCE2A6E3}.Debug|x64.Build.0 = Debug|x64
		{674ADC67-3838-4DAD-9FC2-2A00BCE2A6E3}.Debug|x86.ActiveCfg = Debug|Win32
		{674ADC67-3838-4DAD-9FC2-2A00BCE2A6E3}.Debug|x86.Build.0 = Debug|Win32
		{674ADC67-3838-4DAD-9FC2-2A00BCE2A6E3}.Release|x64.ActiveCfg = Release|x64
		{674ADC67-3838-4DAD-9FC2-2A00BCE2A6E3}.Release|x64.Build.0 = Release|x64
		{674ADC67-3838-4DAD-9FC2-2A00BCE2A6E3}.Release|x86.ActiveCfg = Release|Win32
		{674ADC67-3838-4DAD-9FC2-2A00BCE2A6E3}.Release|x86.Build.0 = Release|Win32
		{B6CADF86-C14A-4384-A72C-071F722464CA}.Debug|x64.ActiveCfg = Debug|x64
		{B6CADF86-C14A-4384-A72C-071F722464CA}.Debug|x64.Build.0 = Debug|x64
		{B6CADF86-C14A-4384-A72C-071F722464CA}.Debug|x86.ActiveCfg = Debug|Win32
		{B6CADF86-C14A-4384-A72C-071F722464CA}.Debug|x86.Build.0 = Debug|Win32
		{B6CADF86-C14A-4384-A72C-071F722464CA}.Release|x64.ActiveCfg = Release|x64
		{B6CADF86-C14A-4384-A72C-071F722464CA}.Release|x64.Build.0 = Release|x64
		{B6CADF86-C14A-4384-A72C-071F722464CA}.Release|x86.ActiveCfg = Release|Win32
		{B6CADF86-C14A-4384-A72C-071F722464CA}.Release|x86.Build.0 = Release|Win32
		{617D883C-349F-4D6F-BCF7-88EBFEFC770A}.Debug|x64.ActiveCfg = Debug|x64
		{617D883C-349F-4D6F-BCF7-88EBFEFC770A}.Debug|x64.Build.0 = Debug|x64
		{617D883C-349F-4D6F-BCF7-88EBFEFC770A}.Debug|x86.ActiveCfg = Debug|Win32
		{617D883C-349F-4D6F-BCF7-88EBFEFC770A}.Debug|x86.Build.0 = Debug|Win32
		{617D883C-349F-4D6F-BCF7-88EBFEFC770A}.Release|x64.ActiveCfg = Release|x64
		{617D883C-349F-4D6F-BCF7-88EBFEFC770A}.Release|x64.Build.0 = Release|x64
		{617D883C-349F-4D6F-BCF7-88EBFEFC770A}.Release|x86.ActiveCfg = Release|Win32
		{617D883C-349F-4D6F-BCF7-88EBFEFC770A}.Release|x86.Build.0 = Release|Win32
		{4CE0FDEA-2E2A-4DFE-AA33-FA6856FED76E}.Debug|x64.ActiveCfg = Debug|x64
		{4CE0FDEA-2E2A-4DFE-AA33-FA6856FED76E}.Debug|x64.Build.0 = Debug|x64
		{4CE0FDEA-2E2A-4DFE-AA33-FA6856FED76E}.Debug|x86.ActiveCfg = Debug|Win32
		{4CE0FDEA-2E2A-4DFE-AA33-FA6856FED76E}.Debug|x86.Build.0 = Debug|Win32
		{4CE0FDEA-2E2A-4DFE-AA33-FA6856FED76E}.Release|x64.ActiveCfg = Release|x64
		{4CE0FDEA-2E2A-4DFE-AA33-FA6856FED76E}.Release|x64.Build.0 = Release|x64
		{4CE0FDEA-2E2A-4DFE-AA33-FA6856FED76E}.Release|x86.ActiveCfg = Release|Win32
		{4CE0FDEA-2E2A-4DFE-AA33-FA6856FED76E}.Release|x86.Build.0 = Release|Win32
		{8559D05B-A66C-4FEE-B6E3-0FEB0FFB0701}.Debug|x64.ActiveCfg = Debug|x64
		{8559D05B-A66C-4FEE-B6E3-0FEB0FFB0701}.Debug|x64.Build.0 = Debug|x64
		{8559D05B-A66C-4FEE-B6E3-0FEB0FFB0701}.Debug|x86.ActiveCfg = Debug|Win32
		{8559D05B-A66C-4FEE-B6E3-0FEB0FFB0701}.Debug|x86.Build.0 = Debug|Win32
		{8559D05B-A66C-4FEE-B6E3-0FEB0FFB0701}.Release|x64.ActiveCfg = Release|x64
		{8559D05B-A66C-4FEE-B6E3-0FEB0FFB0701}.Release|x64.Build.0 = Release|x64
		{8559D05B-A66C-4FEE-B6E3-0FEB0FFB0701}.Release|x86.ActiveCfg = Release|Win32
		{8559D05B-A66C-4FEE-B6E3-0FEB0FFB0701}.Release|x86.Build.0 = Release|Win32
		{AE1A5790-C49E-49C3-A57B-D2AC098FB4E9}.Debug|x64.ActiveCfg = Debug|x64
		{AE1A5790-C49E-49C3-A57B-D2AC098FB4E9}.Debug|x64.Build.0 = Debug|x64
		{AE1A5790-C49E-49C3-A57B-D2AC098FB4E9}.Debug|x86.ActiveCfg = Debug|Win32
		{AE1A5790-C49E-49C3-A57B-D2AC098FB4E9}.Debug|x86.Build.0 = Debug|Win32
		{AE1A5790-C49E-49C3-A57B-D2AC098FB4E9}.Release|x64.ActiveCfg = Release|x64
		{AE1A5790-C49E-49C3-A57B-D2AC098FB4E9}.Release|x64.Build.0 = Release|x64
		{AE1A5790-C49E-49C3-A57B-D2AC098FB4E9}.Release|x86.ActiveCfg = Release|Win32
		{AE1A5790-C49E-49C3-A57B-D2AC098FB4E9}.Release|x86.Build.0 = Release|Win32
		{F7A95989-ECBA-4DEE-91AC-3EB3BA4C7638}.Debug|x64.ActiveCfg = Debug|x64
		{F7A95989-ECBA-4DEE-91AC-3EB3BA4C7638}.Debug|x64.Build.0 = Debug|x64
		{F7A95989-ECBA-4DEE-91AC-3EB3BA4C7638}.Debug|x86.ActiveCfg = Debug|Win32
		{F7A95989-ECBA-4DEE-91AC-3EB3BA4C7638}.Debug|x86.Build.0 = Debug|Win32
		{F7A95989-ECBA-4DEE-91AC-3EB3BA4C7638}.Release|x64.ActiveCfg = Release|x64
		{F7A95989-ECBA-4DEE-91AC-3EB3BA4C7638}.Release|x64.Build.0 = Release|x64
		{F7A95989-ECBA-4DEE-91AC-3EB3BA4C7638}.Release|x86.ActiveCfg = Release|Win32
		{F7A95989-ECBA-4DEE-91AC-3EB3BA4C7638}.Release|x86.Build.0 = Release|Win32
		{A890D9B4-BD53-4DD0-B746-1BD24EDFFEBA}.Debug|x64.ActiveCfg = Debug|x64
		{A890D9B4-BD53-4DD0-B746-1BD24EDFFEBA}.Debug|x64.Build.0 = Debug|x64
		{A890D9B4-BD53-4DD0-B746-1BD24EDFFEBA}.Debug|x86.ActiveCfg = Debug|Win32
		{A890D9B4-BD53-4DD0-B746-1BD24EDFFEBA}.Debug|x86.Build.0 = Debug|Win32
		{A890D9B4-BD53-4DD0-B746-1BD24EDFFEBA}.Release|x64.ActiveCfg = Release|x64
		{A890D9B4-BD53-4DD0-B746-1BD24EDFFEBA}.Release|x64.Build.0 = Release|x64
		{A890D9B4-BD53-4DD0-B746-1BD24EDFFEBA}.Release|x86.ActiveCfg = Release|Win32
		{A890D9B4-BD53-4DD0-B746-1BD24EDFFEBA}.Release|x86.Build.0 = Release|Win32
		{3DD5E009-E04D-492A-BD85-7219F3C9744D}.Debug|x64.ActiveCfg = Debug|x64
		{3DD5E009-E04D-492A-BD85-7219F3C9744D}.Debug|x64.Build.0 = Debug|x64
		{3DD5E009-E04D-492A-BD85-7219F3C9744D}.Debug|x86.ActiveCfg = Debug|Win32
		{3DD5E009-E04D-492A-BD85-7219F3C9744D}.Debug|x86.Build.0 = Debug|Win32
		{3DD5E009-E04D-492A-BD85-7219F3C9744D}.Release|x64.ActiveCfg = Release|x64
		{3DD5E009-E04D-492A-BD85-7219F3C9744D}.Release|x64.Build.0 = Release|x64
		{3DD5E009-E04D-492A-BD85-7219F3C9744D}.Release|x86.ActiveCfg = Release|Win32
		{3DD5E009-E04D-492A-BD85-7219F3C9744D}.Release|x86.Build.0 = Release|Win32
		{1359C855-7360-4931-9710-3B5502E6E726}.Debug|x64.ActiveCfg = Debug|x64
		{1359C855-7360-4931-9710-3B5502E6E726}.Debug|x64.Build.0 = Debug|x64
		{1359C855-7360-4931-9710-3B5502E6E726}.Debug|x86.ActiveCfg = Debug|Win32
		{1359C855-7360-4931-9710-3B5502E6E726}.Debug|x86.Build.0 = Debug|Win32
		{1359C855-7360-4931-9710-3B5502E6E726}.Release|x64.ActiveCfg = Release|x64
		{1359C855-7360-4931-9710-3B5502E6E726}.Release|x64.Build.0 = Release|x64
		{1359C855-7360-4931-9710-3B5502E6E726}.Release|x86.ActiveCfg = Release|Win32
		{1359C855-7360-4931-9710-3B5502E6E726}.Release|x86.Build.0 = Release|Win32
		{FFBBCDD8-C187-42DB-8BF8-47434F061C72}.Debug|x64.ActiveCfg = Debug|x64
		{FFBBCDD8-C187-42DB-8BF8-47434F061C72}.Debug|x64.Build.0 = Debug|x64
		{FFBBCDD8-C187-42DB-8BF8-47434F061C72}.Debug|x86.ActiveCfg = Debug|Win32
		{FFBBCDD8-C187-42DB-8BF8-47434F061C72}.Debug|x86.Build.0 = Debug|Win32
		{FFBBCDD8-C187-42DB-8BF8-47434F061C72}.Release|x64.ActiveCfg = Release|x64
		{FFBBCDD8-C187-42DB-8BF8-47434F061C72}.Release|x64.Build.0 = Release|x64
		{FFBBCDD8-C187-42DB-8BF8-47434F061C72}.Release|x86.ActiveCfg = Release|Win32
		{FFBBCDD8-C187-42DB-8BF8-47434F061C72}.Release|x86.Build.0 = Release|Win32
		{E1FAF9C0-DE86-4142-8D7C-69A6C5079D19}.Debug|x64.ActiveCfg = Debug|x64
		{E1FAF9C0-DE86-4142-8D7C-69A6C5079D19}.Debug|x64.Build.0 = Debug|x64
		{E1FAF9C0-DE86-4142-8D7C-69A6C5079D19}.Debug|x86.ActiveCfg = Debug|Win32
		{E1FAF9C0-DE86-4142-8D7C-69A6C5079D19}.Debug|x86.Build.0 = Debug|Win32
		{E1FAF9C0-DE86-4142-8D7C-69A6C5079D19}.Release|x64.ActiveCfg = Release|x64
		{E1FAF9C0-DE86-4142-8D7C-69A6C5079D19}.Release|x64.Build.0 = Release|x64
		{E1FAF9C0-DE86-4142-8D7C-69A6C5079D19}.Release|x86.ActiveCfg = Release|Win32
		{E1FAF9C0-DE86-4142-8D7C-69A6C5079D19}.Release|x86.Build.0 = Release|Win32
		{1C5A7B69-0868-4607-B66E-639EC8C77C58}.Debug|x64.ActiveCfg = Debug|x64
		{1C5A7B69-0868-4607-B66E-639EC8C77C58}.Debug|x64.Build.0 = Debug|x64
		{1C5A7B69-0868-4607-B66E-639EC8C77C58}.Debug|x86.ActiveCfg = Debug|Win32
		{1C5A7B69-0868-4607-B66E-639EC8C77C58}.Debug|x86.Build.0 = Debug|Win32
		{1C5A7B69-0868-4607-B66E-639EC8C77C58}.Release|x64.ActiveCfg = Release|x64
		{1C5A7B69-0868-4607-B66E-639EC8C77C58}.Release|x64.Build.0 = Release|x64
		{1C5A7B69-0868-4607-B66E-639EC8C77C58}.Release|x86.ActiveCfg = Release|Win32
		{1C5A7B69-0868-4607-B66E-639EC8C77C58}.Release|x86.Build.0 = Release|Win32
		{98F6BE43-471F-4167-AF5A-3A40421E3CB1}.Debug|x64.ActiveCfg = Debug|x64
		{98F6BE43-471F-4167-AF5A-3A40421E3CB1}.Debug|x64.Build.0 = Debug|x64
		{98F6BE43-471F-4167-AF5A-3A40421E3CB1}.Debug|x86.ActiveCfg = Debug|Win32
		{98F6BE43-471F-4167-AF5A-3A40421E3CB1}.Debug|x86.Build.0 = Debug|Win32
		{98F6BE43-471F-4167-AF5A-3A40421E3CB1}.Release|x64.ActiveCfg = Release|x64
		{98F6BE43-471F-4167-AF5A-3A40421E3CB1}.Release|x64.Build.0 = Release|x64
		{98F6BE43-471F-4167-AF5A-3A40421E3CB1}.Release|x86.ActiveCfg = Release|Win32
		{98F6BE43-471F-4167-AF5A-3A40421E3CB1}.Release|x86.Build.0 = Release|Win32
		{2E192C8C-7AAD-4EE9-A211-DE84E5AA0C87}.Debug|x64.ActiveCfg = Debug|x64
		{2E192C8C-7AAD-4EE9-A211-DE84E5AA0C87}.Debug|x64.Build.0 = Debug|x64
		{2E192C8C-7AAD-4EE9-A211-DE84E5AA0C87}.Debug|x86.ActiveCfg = Debug|Win32
		{2E192C8C-7AAD-4EE9-A211-DE84E5AA0C87}.Debug|x86.Build.0 = Debug|Win32
		{2E192C8C-7AAD-4EE9-A211-DE84E5AA0C87}.Release|x64.ActiveCfg = Release|x64
		{2E192C8C-7AAD-4EE9-A211-DE84E5AA0C87}.Release|x64.Build.0 = Release|x64
		{2E192C8C-7AAD-4EE9-A211-DE84E5AA0C87}.Release|x86.ActiveCfg = Release|Win32
		{2E192C8C-7AAD-4EE9-A211-DE84E5AA0C87}.Release|x86.Build.0 = Release|Win32
		{5872FF1C-61E4-450B-926C-878026F409F0}.Debug|x64.ActiveCfg = Debug|x64
		{5872FF1C-61E4-450B-926C-878026F409F0}.Debug|x64.Build.0 = Debug|x64
		{5872FF1C-61E4-450B-926C-878026F409F0}.Debug|x86.ActiveCfg = Debug|Win32
		{5872FF1C-61E4-450B-926C-878026F409F0}.Debug|x86.Build.0 = Debug|Win32
		{5872FF1C-61E4-450B-926C-878026F409F0}.Release|x64.ActiveCfg = Release|x64
		{5872FF1C-61E4-450B-926C-878026F409F0}.Release|x64.Build.0 = Release|x64
		{5872FF1C-61E4-450B-926C-878026F409F0}.Release|x86.ActiveCfg = Release|Win32
		{5872FF1C-61E4-450B-926C-878026F409F0}.Release|x86.Build.0 = Release|Win32
	EndGlobalSection
	GlobalSection(SolutionProperties) = preSolution
		HideSolutionNode = FALSE
	EndGlobalSection
	GlobalSection(NestedProjects) = preSolution
		{0E822B1B-2AF4-4FFD-BA05-88C1EF8C2776} = {8FC5BFAC-15E8-471D-A4E7-43FD61BFDD43}
		{BC92A79F-10DF-4720-8698-6C15651E6388} = {8FC5BFAC-15E8-471D-A4E7-43FD61BFDD43}
		{AA22CBA6-AE87-4734-B1A9-E153988DAB82} = {8FC5BFAC-15E8-471D-A4E7-43FD61BFDD43}
		{70E3DD47-3AE3-4ACA-B755-083E74FDBBF8} = {8FC5BFAC-15E8-471D-A4E7-43FD61BFDD43}
		{5D3C2D92-7E8A-4607-BD71-C02A6B5B2E94} = {8FC5BFAC-15E8-471D-A4E7-43FD61BFDD43}
		{AF06AABD-BAA4-4564-B9D3-20138C96DDA6} = {8FC5BFAC-15E8-471D-A4E7-43FD61BFDD43}
		{A67649D6-78FE-43BE-B272-191BF0E28D90} = {8FC5BFAC-15E8-471D-A4E7-43FD61BFDD43}
		{73A4271E-17E5-459D-AD46-7D2699902806} = {8FC5BFAC-15E8-471D-A4E7-43FD61BFDD43}
		{7D87D46A-8318-4BFC-A855-AAD9A5421FA0} = {3AE808BB-8AD2-47DC-B70C-E7C3624D9C91}
		{EC08185C-3A98-4483-AF1C-0270D6F3D27F} = {3AE808BB-8AD2-47DC-B70C-E7C3624D9C91}
		{FBBF7CAA-D60B-49BA-96E7-42590A941885} = {3AE808BB-8AD2-47DC-B70C-E7C3624D9C91}
		{C3F8BF8E-F41F-4646-A6C5-44328BB150B8} = {8FC5BFAC-15E8-471D-A4E7-43FD61BFDD43}
		{0E93C204-0BB9-42DB-8830-286A14C0DE7F} = {3AE808BB-8AD2-47DC-B70C-E7C3624D9C91}
		{51267BF8-1A1B-48A0-8B6B-04688EC0A9AF} = {3AE808BB-8AD2-47DC-B70C-E7C3624D9C91}
		{65E2E241-6210-4700-96D6-66606A6564C1} = {8FC5BFAC-15E8-471D-A4E7-43FD61BFDD43}
		{B964F4B3-45C2-4222-943D-A8E53021BB2C} = {8FC5BFAC-15E8-471D-A4E7-43FD61BFDD43}
		{962B401C-851F-451E-A4EA-759D31A640D6} = {8FC5BFAC-15E8-471D-A4E7-43FD61BFDD43}
		{011E10AB-F559-4129-86C2-FF74E030DF05} = {8FC5BFAC-15E8-471D-A4E7-43FD61BFDD43}
		{7572BA9B-3420-4DC3-9869-8F5309F82F65} = {3AE808BB-8AD2-47DC-B70C-E7C3624D9C91}
		{4A9BCEF6-CCE4-4D80-B5D5-543603F0DC23} = {3AE808BB-8AD2-47DC-B70C-E7C3624D9C91}
		{404F04CF-A897-4CE1-AA4D-51B7E9AC6CBE} = {3AE808BB-8AD2-47DC-B70C-E7C3624D9C91}
		{24B94320-BE01-4AF8-848A-C93D0D583F08} = {8FC5BFAC-15E8-471D-A4E7-43FD61BFDD43}
		{C1723340-783A-48BD-8AF2-85ABF573D649} = {3AE808BB-8AD2-47DC-B70C-E7C3624D9C91}
		{5F7241D3-BCAA-4FC9-9521-EC39C980BA87} = {8FC5BFAC-15E8-471D-A4E7-43FD61BFDD43}
		{EDF7A88C-9D49-4545-8000-FDC70CEF63E5} = {8FC5BFAC-15E8-471D-A4E7-43FD61BFDD43}
		{8FB2495B-E9FC-4292-91EC-2FCAA064AC4F} = {3AE808BB-8AD2-47DC-B70C-E7C3624D9C91}
		{5E82D8C9-DABA-4C10-B419-B62979E78221} = {3AE808BB-8AD2-47DC-B70C-E7C3624D9C91}
		{26EED2AD-2571-4A98-9300-52C036D05A0D} = {3AE808BB-8AD2-47DC-B70C-E7C3624D9C91}
		{9D6C0B74-E62F-4930-B265-E0942A0998F0} = {8FC5BFAC-15E8-471D-A4E7-43FD61BFDD43}
		{F4EDB9E5-4502-4F29-BF7C-07787D95EDA9} = {8FC5BFAC-15E8-471D-A4E7-43FD61BFDD43}
		{C72DDF9B-DDCE-4B96-9A5A-FAB51204CD4E} = {8FC5BFAC-15E8-471D-A4E7-43FD61BFDD43}
		{FB3C6517-BE9C-4B03-A07D-F2B00E0627EF} = {8FC5BFAC-15E8-471D-A4E7-43FD61BFDD43}
		{8FB8E9A7-2D70-4A14-BE88-836E3A68B21E} = {8FC5BFAC-15E8-471D-A4E7-43FD61BFDD43}
		{27AF3A9F-1814-4449-B47B-F584FC30DB5E} = {3AE808BB-8AD2-47DC-B70C-E7C3624D9C91}
		{2084068E-C084-4707-BB6D-BF87FBCDC17C} = {3AE808BB-8AD2-47DC-B70C-E7C3624D9C91}
		{95EC541C-093C-419B-9696-08771F4D0D53} = {3AE808BB-8AD2-47DC-B70C-E7C3624D9C91}
		{14139E3D-0A12-4123-A8CB-8F9EEA709B62} = {8FC5BFAC-15E8-471D-A4E7-43FD61BFDD43}
		{6DB8EADD-C0D5-4043-B762-E7E766AF5C2E} = {8FC5BFAC-15E8-471D-A4E7-43FD61BFDD43}
		{F4F16BFA-9289-47CA-A701-DCE4FD1A8E98} = {8FC5BFAC-15E8-471D-A4E7-43FD61BFDD43}
		{64547B2A-3638-44CF-84AD-EF90D4DA40DD} = {8FC5BFAC-15E8-471D-A4E7-43FD61BFDD43}
		{95D9F288-C801-420C-AD57-6268D31A2E01} = {3AE808BB-8AD2-47DC-B70C-E7C3624D9C91}
		{B14F6B3A-7A57-402A-BFCF-20F76BD702F1} = {3AE808BB-8AD2-47DC-B70C-E7C3624D9C91}
		{77F3F8C8-F23C-455D-9103-7855C16C3339} = {8FC5BFAC-15E8-471D-A4E7-43FD61BFDD43}
		{2F5222D2-86F8-4E33-BCE9-AFA644F20DDB} = {3AE808BB-8AD2-47DC-B70C-E7C3624D9C91}
		{3E5EBF55-796B-4CC4-9241-F4ABBD9CA35B} = {3AE808BB-8AD2-47DC-B70C-E7C3624D9C91}
	EndGlobalSection
	GlobalSection(ExtensibilityGlobals) = postSolution
		SolutionGuid = {5A4E76AA-701A-454E-B7C0-51A6B8488ABA}
	EndGlobalSection
EndGlobal
