
Microsoft Visual Studio Solution File, Format Version 12.00
# Visual Studio 15
VisualStudioVersion = 15.0.27130.2010
MinimumVisualStudioVersion = 10.0.40219.1
Project("{8BC9CEB8-8B4A-11D0-8D11-00A0C91BC942}") = "pat", "pat\pat.vcxproj", "{6EDB6D98-20AD-48B8-AD96-208D11BAFB17}"
EndProject
Project("{8BC9CEB8-8B4A-11D0-8D11-00A0C91BC942}") = "b1001", "Project1\Project1.vcxproj", "{0E822B1B-2AF4-4FFD-BA05-88C1EF8C2776}"
EndProject
Project("{8BC9CEB8-8B4A-11D0-8D11-00A0C91BC942}") = "b1011", "b1011\b1011.vcxproj", "{BC92A79F-10DF-4720-8698-6C15651E6388}"
EndProject
Project("{8BC9CEB8-8B4A-11D0-8D11-00A0C91BC942}") = "b1016", "b1016\b1016.vcxproj", "{AA22CBA6-AE87-4734-B1A9-E153988DAB82}"
EndProject
Project("{8BC9CEB8-8B4A-11D0-8D11-00A0C91BC942}") = "b1026", "b1026\b1026.vcxproj", "{70E3DD47-3AE3-4ACA-B755-083E74FDBBF8}"
EndProject
Project("{8BC9CEB8-8B4A-11D0-8D11-00A0C91BC942}") = "b1046", "b1046\b1046.vcxproj", "{5D3C2D92-7E8A-4607-BD71-C02A6B5B2E94}"
EndProject
Project("{8BC9CEB8-8B4A-11D0-8D11-00A0C91BC942}") = "b1008", "b1008\b1008.vcxproj", "{AF06AABD-BAA4-4564-B9D3-20138C96DDA6}"
EndProject
Project("{8BC9CEB8-8B4A-11D0-8D11-00A0C91BC942}") = "b1012", "b1012\b1012.vcxproj", "{A67649D6-78FE-43BE-B272-191BF0E28D90}"
EndProject
Project("{8BC9CEB8-8B4A-11D0-8D11-00A0C91BC942}") = "b1018", "b1018\b1018.vcxproj", "{73A4271E-17E5-459D-AD46-7D2699902806}"
EndProject
Project("{8BC9CEB8-8B4A-11D0-8D11-00A0C91BC942}") = "a1042", "a1042\a1042.vcxproj", "{7D87D46A-8318-4BFC-A855-AAD9A5421FA0}"
EndProject
Project("{8BC9CEB8-8B4A-11D0-8D11-00A0C91BC942}") = "a1046", "a1046\a1046.vcxproj", "{EC08185C-3A98-4483-AF1C-0270D6F3D27F}"
EndProject
Global
	GlobalSection(SolutionConfigurationPlatforms) = preSolution
		Debug|x64 = Debug|x64
		Debug|x86 = Debug|x86
		Release|x64 = Release|x64
		Release|x86 = Release|x86
	EndGlobalSection
	GlobalSection(ProjectConfigurationPlatforms) = postSolution
		{6EDB6D98-20AD-48B8-AD96-208D11BAFB17}.Debug|x64.ActiveCfg = Debug|x64
		{6EDB6D98-20AD-48B8-AD96-208D11BAFB17}.Debug|x64.Build.0 = Debug|x64
		{6EDB6D98-20AD-48B8-AD96-208D11BAFB17}.Debug|x86.ActiveCfg = Debug|Win32
		{6EDB6D98-20AD-48B8-AD96-208D11BAFB17}.Debug|x86.Build.0 = Debug|Win32
		{6EDB6D98-20AD-48B8-AD96-208D11BAFB17}.Release|x64.ActiveCfg = Release|x64
		{6EDB6D98-20AD-48B8-AD96-208D11BAFB17}.Release|x64.Build.0 = Release|x64
		{6EDB6D98-20AD-48B8-AD96-208D11BAFB17}.Release|x86.ActiveCfg = Release|Win32
		{6EDB6D98-20AD-48B8-AD96-208D11BAFB17}.Release|x86.Build.0 = Release|Win32
		{0E822B1B-2AF4-4FFD-BA05-88C1EF8C2776}.Debug|x64.ActiveCfg = Debug|x64
		{0E822B1B-2AF4-4FFD-BA05-88C1EF8C2776}.Debug|x64.Build.0 = Debug|x64
		{0E822B1B-2AF4-4FFD-BA05-88C1EF8C2776}.Debug|x86.ActiveCfg = Debug|Win32
		{0E822B1B-2AF4-4FFD-BA05-88C1EF8C2776}.Debug|x86.Build.0 = Debug|Win32
		{0E822B1B-2AF4-4FFD-BA05-88C1EF8C2776}.Release|x64.ActiveCfg = Release|x64
		{0E822B1B-2AF4-4FFD-BA05-88C1EF8C2776}.Release|x64.Build.0 = Release|x64
		{0E822B1B-2AF4-4FFD-BA05-88C1EF8C2776}.Release|x86.ActiveCfg = Release|Win32
		{0E822B1B-2AF4-4FFD-BA05-88C1EF8C2776}.Release|x86.Build.0 = Release|Win32
		{BC92A79F-10DF-4720-8698-6C15651E6388}.Debug|x64.ActiveCfg = Debug|x64
		{BC92A79F-10DF-4720-8698-6C15651E6388}.Debug|x64.Build.0 = Debug|x64
		{BC92A79F-10DF-4720-8698-6C15651E6388}.Debug|x86.ActiveCfg = Debug|Win32
		{BC92A79F-10DF-4720-8698-6C15651E6388}.Debug|x86.Build.0 = Debug|Win32
		{BC92A79F-10DF-4720-8698-6C15651E6388}.Release|x64.ActiveCfg = Release|x64
		{BC92A79F-10DF-4720-8698-6C15651E6388}.Release|x64.Build.0 = Release|x64
		{BC92A79F-10DF-4720-8698-6C15651E6388}.Release|x86.ActiveCfg = Release|Win32
		{BC92A79F-10DF-4720-8698-6C15651E6388}.Release|x86.Build.0 = Release|Win32
		{AA22CBA6-AE87-4734-B1A9-E153988DAB82}.Debug|x64.ActiveCfg = Debug|x64
		{AA22CBA6-AE87-4734-B1A9-E153988DAB82}.Debug|x64.Build.0 = Debug|x64
		{AA22CBA6-AE87-4734-B1A9-E153988DAB82}.Debug|x86.ActiveCfg = Debug|Win32
		{AA22CBA6-AE87-4734-B1A9-E153988DAB82}.Debug|x86.Build.0 = Debug|Win32
		{AA22CBA6-AE87-4734-B1A9-E153988DAB82}.Release|x64.ActiveCfg = Release|x64
		{AA22CBA6-AE87-4734-B1A9-E153988DAB82}.Release|x64.Build.0 = Release|x64
		{AA22CBA6-AE87-4734-B1A9-E153988DAB82}.Release|x86.ActiveCfg = Release|Win32
		{AA22CBA6-AE87-4734-B1A9-E153988DAB82}.Release|x86.Build.0 = Release|Win32
		{70E3DD47-3AE3-4ACA-B755-083E74FDBBF8}.Debug|x64.ActiveCfg = Debug|x64
		{70E3DD47-3AE3-4ACA-B755-083E74FDBBF8}.Debug|x64.Build.0 = Debug|x64
		{70E3DD47-3AE3-4ACA-B755-083E74FDBBF8}.Debug|x86.ActiveCfg = Debug|Win32
		{70E3DD47-3AE3-4ACA-B755-083E74FDBBF8}.Debug|x86.Build.0 = Debug|Win32
		{70E3DD47-3AE3-4ACA-B755-083E74FDBBF8}.Release|x64.ActiveCfg = Release|x64
		{70E3DD47-3AE3-4ACA-B755-083E74FDBBF8}.Release|x64.Build.0 = Release|x64
		{70E3DD47-3AE3-4ACA-B755-083E74FDBBF8}.Release|x86.ActiveCfg = Release|Win32
		{70E3DD47-3AE3-4ACA-B755-083E74FDBBF8}.Release|x86.Build.0 = Release|Win32
		{5D3C2D92-7E8A-4607-BD71-C02A6B5B2E94}.Debug|x64.ActiveCfg = Debug|x64
		{5D3C2D92-7E8A-4607-BD71-C02A6B5B2E94}.Debug|x64.Build.0 = Debug|x64
		{5D3C2D92-7E8A-4607-BD71-C02A6B5B2E94}.Debug|x86.ActiveCfg = Debug|Win32
		{5D3C2D92-7E8A-4607-BD71-C02A6B5B2E94}.Debug|x86.Build.0 = Debug|Win32
		{5D3C2D92-7E8A-4607-BD71-C02A6B5B2E94}.Release|x64.ActiveCfg = Release|x64
		{5D3C2D92-7E8A-4607-BD71-C02A6B5B2E94}.Release|x64.Build.0 = Release|x64
		{5D3C2D92-7E8A-4607-BD71-C02A6B5B2E94}.Release|x86.ActiveCfg = Release|Win32
		{5D3C2D92-7E8A-4607-BD71-C02A6B5B2E94}.Release|x86.Build.0 = Release|Win32
		{AF06AABD-BAA4-4564-B9D3-20138C96DDA6}.Debug|x64.ActiveCfg = Debug|x64
		{AF06AABD-BAA4-4564-B9D3-20138C96DDA6}.Debug|x64.Build.0 = Debug|x64
		{AF06AABD-BAA4-4564-B9D3-20138C96DDA6}.Debug|x86.ActiveCfg = Debug|Win32
		{AF06AABD-BAA4-4564-B9D3-20138C96DDA6}.Debug|x86.Build.0 = Debug|Win32
		{AF06AABD-BAA4-4564-B9D3-20138C96DDA6}.Release|x64.ActiveCfg = Release|x64
		{AF06AABD-BAA4-4564-B9D3-20138C96DDA6}.Release|x64.Build.0 = Release|x64
		{AF06AABD-BAA4-4564-B9D3-20138C96DDA6}.Release|x86.ActiveCfg = Release|Win32
		{AF06AABD-BAA4-4564-B9D3-20138C96DDA6}.Release|x86.Build.0 = Release|Win32
		{A67649D6-78FE-43BE-B272-191BF0E28D90}.Debug|x64.ActiveCfg = Debug|x64
		{A67649D6-78FE-43BE-B272-191BF0E28D90}.Debug|x64.Build.0 = Debug|x64
		{A67649D6-78FE-43BE-B272-191BF0E28D90}.Debug|x86.ActiveCfg = Debug|Win32
		{A67649D6-78FE-43BE-B272-191BF0E28D90}.Debug|x86.Build.0 = Debug|Win32
		{A67649D6-78FE-43BE-B272-191BF0E28D90}.Release|x64.ActiveCfg = Release|x64
		{A67649D6-78FE-43BE-B272-191BF0E28D90}.Release|x64.Build.0 = Release|x64
		{A67649D6-78FE-43BE-B272-191BF0E28D90}.Release|x86.ActiveCfg = Release|Win32
		{A67649D6-78FE-43BE-B272-191BF0E28D90}.Release|x86.Build.0 = Release|Win32
		{73A4271E-17E5-459D-AD46-7D2699902806}.Debug|x64.ActiveCfg = Debug|x64
		{73A4271E-17E5-459D-AD46-7D2699902806}.Debug|x64.Build.0 = Debug|x64
		{73A4271E-17E5-459D-AD46-7D2699902806}.Debug|x86.ActiveCfg = Debug|Win32
		{73A4271E-17E5-459D-AD46-7D2699902806}.Debug|x86.Build.0 = Debug|Win32
		{73A4271E-17E5-459D-AD46-7D2699902806}.Release|x64.ActiveCfg = Release|x64
		{73A4271E-17E5-459D-AD46-7D2699902806}.Release|x64.Build.0 = Release|x64
		{73A4271E-17E5-459D-AD46-7D2699902806}.Release|x86.ActiveCfg = Release|Win32
		{73A4271E-17E5-459D-AD46-7D2699902806}.Release|x86.Build.0 = Release|Win32
		{7D87D46A-8318-4BFC-A855-AAD9A5421FA0}.Debug|x64.ActiveCfg = Debug|x64
		{7D87D46A-8318-4BFC-A855-AAD9A5421FA0}.Debug|x64.Build.0 = Debug|x64
		{7D87D46A-8318-4BFC-A855-AAD9A5421FA0}.Debug|x86.ActiveCfg = Debug|Win32
		{7D87D46A-8318-4BFC-A855-AAD9A5421FA0}.Debug|x86.Build.0 = Debug|Win32
		{7D87D46A-8318-4BFC-A855-AAD9A5421FA0}.Release|x64.ActiveCfg = Release|x64
		{7D87D46A-8318-4BFC-A855-AAD9A5421FA0}.Release|x64.Build.0 = Release|x64
		{7D87D46A-8318-4BFC-A855-AAD9A5421FA0}.Release|x86.ActiveCfg = Release|Win32
		{7D87D46A-8318-4BFC-A855-AAD9A5421FA0}.Release|x86.Build.0 = Release|Win32
		{EC08185C-3A98-4483-AF1C-0270D6F3D27F}.Debug|x64.ActiveCfg = Debug|x64
		{EC08185C-3A98-4483-AF1C-0270D6F3D27F}.Debug|x64.Build.0 = Debug|x64
		{EC08185C-3A98-4483-AF1C-0270D6F3D27F}.Debug|x86.ActiveCfg = Debug|Win32
		{EC08185C-3A98-4483-AF1C-0270D6F3D27F}.Debug|x86.Build.0 = Debug|Win32
		{EC08185C-3A98-4483-AF1C-0270D6F3D27F}.Release|x64.ActiveCfg = Release|x64
		{EC08185C-3A98-4483-AF1C-0270D6F3D27F}.Release|x64.Build.0 = Release|x64
		{EC08185C-3A98-4483-AF1C-0270D6F3D27F}.Release|x86.ActiveCfg = Release|Win32
		{EC08185C-3A98-4483-AF1C-0270D6F3D27F}.Release|x86.Build.0 = Release|Win32
	EndGlobalSection
	GlobalSection(SolutionProperties) = preSolution
		HideSolutionNode = FALSE
	EndGlobalSection
	GlobalSection(ExtensibilityGlobals) = postSolution
		SolutionGuid = {5A4E76AA-701A-454E-B7C0-51A6B8488ABA}
	EndGlobalSection
EndGlobal
